// !$*UTF8*$!
{
	archiveVersion = 1;
	classes = {
	};
	objectVersion = 77;
	objects = {

/* Begin PBXBuildFile section */
		000F41A36E8D2D6462526FFD /* IOSSettingsRoleVocab.swift in Sources */ = {isa = PBXBuildFile; fileRef = 686161A32E57316C3ABBC71C /* IOSSettingsRoleVocab.swift */; };
		0185146B5183AA34FC92CC37 /* CharactersStore.swift in Sources */ = {isa = PBXBuildFile; fileRef = D378AC8F7CBF8C2E98F29D97 /* CharactersStore.swift */; };
		02A0D91E3A69F35857612B93 /* Character.swift in Sources */ = {isa = PBXBuildFile; fileRef = 4E0F9833502AA3687B8D3532 /* Character.swift */; };
		0499470B4E80166C37B0BAD0 /* LinoWritingApp.swift in Sources */ = {isa = PBXBuildFile; fileRef = 470934EAD298CBB449F56D6E /* LinoWritingApp.swift */; };
		0587824124C19C7E0503966C /* IOSNewBookSheet.swift in Sources */ = {isa = PBXBuildFile; fileRef = CAAD20ABBC10FE6DA153CF85 /* IOSNewBookSheet.swift */; };
		068F4C674D0B986567BE48BF /* MacExportSheet.swift in Sources */ = {isa = PBXBuildFile; fileRef = FF77F61CA807A9728E0365E7 /* MacExportSheet.swift */; };
		08518DD3F25AE22EEBB8D67F /* InlineEditableTags.swift in Sources */ = {isa = PBXBuildFile; fileRef = 12E0898A481E7BE65AB535C4 /* InlineEditableTags.swift */; };
		09F9C140F9F9E9C102DAE674 /* ChapterEditorStoreReattachTests.swift in Sources */ = {isa = PBXBuildFile; fileRef = ADCF072ADE52E4E7CCDEE242 /* ChapterEditorStoreReattachTests.swift */; };
		0A392C3880068742F8629C9E /* MacLogsSettingsSection.swift in Sources */ = {isa = PBXBuildFile; fileRef = 5AD2E22A44C94887EB2164B8 /* MacLogsSettingsSection.swift */; };
		0ADBCA32557F5EB5C6A91A4A /* APIClient.swift in Sources */ = {isa = PBXBuildFile; fileRef = 2D79F224D6511D626D52377E /* APIClient.swift */; };
		0D43ECC2848733887E24DDF0 /* ExportFormat.swift in Sources */ = {isa = PBXBuildFile; fileRef = E465C3D7893A74D5806DB97A /* ExportFormat.swift */; };
		0E6878CF99DE5387D5060708 /* MacNewBookSheet.swift in Sources */ = {isa = PBXBuildFile; fileRef = 4932F58C979044FABF7ACD4C /* MacNewBookSheet.swift */; };
		1548DC9A74F9C726C6FCACAD /* IOSSummariesSection.swift in Sources */ = {isa = PBXBuildFile; fileRef = 062EB6DE800850FD60014CAF /* IOSSummariesSection.swift */; };
		1697DF5EEC927AEC45ED763E /* MacSummariesTab.swift in Sources */ = {isa = PBXBuildFile; fileRef = 81587C34FDB35004D1B1AEF2 /* MacSummariesTab.swift */; };
		19321D4ECE64770012DC1055 /* NetworkProbe.swift in Sources */ = {isa = PBXBuildFile; fileRef = 6DE2361D2021D4EFE7AA1395 /* NetworkProbe.swift */; };
		1C170342079EB59ABD0D2092 /* IOSChapterEditPlaceholder.swift in Sources */ = {isa = PBXBuildFile; fileRef = 95B45D80B9FA0AFF0BF287BA /* IOSChapterEditPlaceholder.swift */; };
		1D1E831DA64FA2D351A4E42B /* EditableTagList.swift in Sources */ = {isa = PBXBuildFile; fileRef = 1909F9BB4E25CF1ED009A5F6 /* EditableTagList.swift */; };
		1D6B44AB10A8006C890B9614 /* StructuredPrompt.swift in Sources */ = {isa = PBXBuildFile; fileRef = CF6DBCC8C09225A7BDD25FF3 /* StructuredPrompt.swift */; };
		2175D4106697CF7892234E99 /* IOSTimelineSection.swift in Sources */ = {isa = PBXBuildFile; fileRef = CEB2CAFEFB49E3216E425974 /* IOSTimelineSection.swift */; };
		22214F0A6DCB7F2F6C3ED22C /* KeychainStore.swift in Sources */ = {isa = PBXBuildFile; fileRef = 73C97B43B64880265CE9E5E9 /* KeychainStore.swift */; };
		235047FFF66A56D1E8CC3A61 /* ExportTests.swift in Sources */ = {isa = PBXBuildFile; fileRef = 16237DD8AEB48AAFBF77622A /* ExportTests.swift */; };
		24CA73205E9305AD11E816F2 /* MacSettingsView.swift in Sources */ = {isa = PBXBuildFile; fileRef = FEFDE4A8B4CCBDBD059D8FB1 /* MacSettingsView.swift */; };
		273B8963B915A6AAC7802EBC /* MacBookSettingsTab.swift in Sources */ = {isa = PBXBuildFile; fileRef = 16C3B293A1ED44F91A6B0503 /* MacBookSettingsTab.swift */; };
		2F6DACF7B4678DCF5DC2FA23 /* LWFont.swift in Sources */ = {isa = PBXBuildFile; fileRef = B6D025FDE2776B5B9B5012D5 /* LWFont.swift */; };
		309AF07E5B1B1DDA63E0AB68 /* ProviderKeysStoreTests.swift in Sources */ = {isa = PBXBuildFile; fileRef = E71AED5CE653255C13D001BB /* ProviderKeysStoreTests.swift */; };
		310BEA463DFF042BC683800C /* BookStore.swift in Sources */ = {isa = PBXBuildFile; fileRef = 864DFD10296B35AA09DEBCA0 /* BookStore.swift */; };
		33C1AE1A411FC8CB322F679A /* ChapterEditorStorePartialDraftTests.swift in Sources */ = {isa = PBXBuildFile; fileRef = 8808B993A148FD14273E4A52 /* ChapterEditorStorePartialDraftTests.swift */; };
		3629C94DC568E39700EDD6D5 /* ReaderView_iOS.swift in Sources */ = {isa = PBXBuildFile; fileRef = 12F81F91EC047908A981B640 /* ReaderView_iOS.swift */; };
		3A6074DF63E085139A91BAA8 /* CodecFactory.swift in Sources */ = {isa = PBXBuildFile; fileRef = 8A9347DAAC8E2D449DAD558F /* CodecFactory.swift */; };
		3B4AB90988D9F707612F6A6F /* ReadingTheme.swift in Sources */ = {isa = PBXBuildFile; fileRef = 3E6890ECD2C92049C83A1936 /* ReadingTheme.swift */; };
		3D9A3C3E60CB93E3C3DD0733 /* ErrorBusIOSTests.swift in Sources */ = {isa = PBXBuildFile; fileRef = 2CE6E0E89ED01835C3D4DB9E /* ErrorBusIOSTests.swift */; };
		42F8E9AF29895D7FD6FCFF5D /* InlineEditableDict.swift in Sources */ = {isa = PBXBuildFile; fileRef = 8AC4B715D37906D4775007F1 /* InlineEditableDict.swift */; };
		4608C2541975C24D7B7554F3 /* ProviderKeyEditSheet.swift in Sources */ = {isa = PBXBuildFile; fileRef = 6DC058E61EDCD9E23C1CB27E /* ProviderKeyEditSheet.swift */; };
		4B89292096EB5FBC1F0BC910 /* TimelineStore.swift in Sources */ = {isa = PBXBuildFile; fileRef = 45916ED6DA845B318F084239 /* TimelineStore.swift */; };
		4D21A12144BA504CB89DC332 /* MacConnectionSettingsSection.swift in Sources */ = {isa = PBXBuildFile; fileRef = 25E560A99E0E170D6CF3F71C /* MacConnectionSettingsSection.swift */; };
		4EB5A7E898771F709E6A5308 /* NavigationShellIOSTests.swift in Sources */ = {isa = PBXBuildFile; fileRef = EE1BEBBC4A96D63989EAF392 /* NavigationShellIOSTests.swift */; };
		52601CD92390270E4B79C06A /* LWColor.swift in Sources */ = {isa = PBXBuildFile; fileRef = 43C890CF38D4096579E181EF /* LWColor.swift */; };
		52625E1EB9F616610E33FE33 /* Toast.swift in Sources */ = {isa = PBXBuildFile; fileRef = 5B54D55130EA315C7EE9BDD3 /* Toast.swift */; };
		553F76959926BB222578CA7C /* IOSBookshelfView.swift in Sources */ = {isa = PBXBuildFile; fileRef = AAF182D970E4170BD60E2C5B /* IOSBookshelfView.swift */; };
		5A80C721F1724D63BC8B3B48 /* AppStore.swift in Sources */ = {isa = PBXBuildFile; fileRef = 995F5BDA6A5D1274715E1DC4 /* AppStore.swift */; };
		5BCA34DB0383A2221D900BD5 /* AgentPersona.swift in Sources */ = {isa = PBXBuildFile; fileRef = 906BCD7A81F9DAF80BF8AE1D /* AgentPersona.swift */; };
		5EDFBBAA897E8C62323311ED /* ChapterEditorStoreResetTests.swift in Sources */ = {isa = PBXBuildFile; fileRef = DEB10166F920ADCE13814BCE /* ChapterEditorStoreResetTests.swift */; };
		5F079BF4EBBC7DCB807B1607 /* ChapterExtractTests.swift in Sources */ = {isa = PBXBuildFile; fileRef = 5EAB02FBFEE9D9708E8C2A1C /* ChapterExtractTests.swift */; };
		5FCAB486CD61290B64695C78 /* IOSChapterImportSheet.swift in Sources */ = {isa = PBXBuildFile; fileRef = 94E1708136EE3979EE39D471 /* IOSChapterImportSheet.swift */; };
		60F034FF3BCBA3C5BE2F62F8 /* MacSettingsRoleVocab.swift in Sources */ = {isa = PBXBuildFile; fileRef = 6749D9DB35843D3513086B9E /* MacSettingsRoleVocab.swift */; };
		6169AAA3E087BC05DCE62572 /* MacRightPanel.swift in Sources */ = {isa = PBXBuildFile; fileRef = 582647D43A476D87CBF39A56 /* MacRightPanel.swift */; };
		658103CCF17F6B18027E826C /* RootViewIOS.swift in Sources */ = {isa = PBXBuildFile; fileRef = 48E27FD7F7B6B957E1FA2E23 /* RootViewIOS.swift */; };
		693062A2EE3B3416780DE90B /* KeychainStoreIOSTests.swift in Sources */ = {isa = PBXBuildFile; fileRef = CC5CC49F47D51D6A8FD31923 /* KeychainStoreIOSTests.swift */; };
		6A072F58BE310812CC8BC8C4 /* GlassControls.swift in Sources */ = {isa = PBXBuildFile; fileRef = 4200A4C1B87B2644B3D219AE /* GlassControls.swift */; };
		6BE988D9030B67E4CBE9B65A /* InlineEditableText.swift in Sources */ = {isa = PBXBuildFile; fileRef = D06E847EE4E2FD95F326E922 /* InlineEditableText.swift */; };
		6C7AE12D238C23EF8E9C9244 /* SSEClient.swift in Sources */ = {isa = PBXBuildFile; fileRef = 4E1C91690D492CF7A7B18086 /* SSEClient.swift */; };
		6DA58DE449E4B623D1CF3045 /* MacModelsSettingsSection.swift in Sources */ = {isa = PBXBuildFile; fileRef = 87927A4FB806DF2AFB08E322 /* MacModelsSettingsSection.swift */; };
		722CC4BBD3EB02C07F74556F /* SSEClientTests.swift in Sources */ = {isa = PBXBuildFile; fileRef = AF097B90043258DA067B33D7 /* SSEClientTests.swift */; };
		745271FBF96361A080DAEE65 /* NewChapterSheet.swift in Sources */ = {isa = PBXBuildFile; fileRef = 0CA8641AEBD078362C13CFEC /* NewChapterSheet.swift */; };
		753CE7732770D9FDD3BBD2FA /* Chapter.swift in Sources */ = {isa = PBXBuildFile; fileRef = 4333203ACD859F2AE7750E68 /* Chapter.swift */; };
		78BDB4BC5AAF690D3890CD18 /* AppStoreBannerTests.swift in Sources */ = {isa = PBXBuildFile; fileRef = A1C1E4DA441F543FD625F726 /* AppStoreBannerTests.swift */; };
		7A6AF7E589109D3ED8044850 /* FileSaver.swift in Sources */ = {isa = PBXBuildFile; fileRef = 75310F1791024A41F4654534 /* FileSaver.swift */; };
		7A7A56E1E9249B9D85C040EF /* IOSBookSettingsSection.swift in Sources */ = {isa = PBXBuildFile; fileRef = 380D206061FB6D6BCF3C436A /* IOSBookSettingsSection.swift */; };
		7B81BAE79265C81FCABF287E /* LiquidGlass.swift in Sources */ = {isa = PBXBuildFile; fileRef = FC246DE94284E24D1E9BE20A /* LiquidGlass.swift */; };
		7DEDEB5953BE14F018F577CC /* ProviderKey.swift in Sources */ = {isa = PBXBuildFile; fileRef = 9270C694BC872945963D987E /* ProviderKey.swift */; };
		81425B1593EB6C5255878CC3 /* IOSModelsSettingsSection.swift in Sources */ = {isa = PBXBuildFile; fileRef = C4A01A077E5F5B1CA5FE97A8 /* IOSModelsSettingsSection.swift */; };
		8345701D980C5A77DB446C7E /* ImportChapterSheet.swift in Sources */ = {isa = PBXBuildFile; fileRef = C701FE59322CE7CC25DD7AB9 /* ImportChapterSheet.swift */; };
		862FD6E5EBE708E39B992C86 /* AppEnvironment.swift in Sources */ = {isa = PBXBuildFile; fileRef = 36CEF891459AF0F2BF5838AC /* AppEnvironment.swift */; };
		869E770F12D50D9479E97D09 /* AgentLogStore.swift in Sources */ = {isa = PBXBuildFile; fileRef = EA8047237F4DACD3C829E349 /* AgentLogStore.swift */; };
		8D5D41F4AD314FAD20D0CECD /* Settings.swift in Sources */ = {isa = PBXBuildFile; fileRef = 00014DE449CF5813785CAAAE /* Settings.swift */; };
		8DB6401503ABD9B2B0F80674 /* SheetPresentationIOSTests.swift in Sources */ = {isa = PBXBuildFile; fileRef = 455E75EE0A22ADAAD4D24F95 /* SheetPresentationIOSTests.swift */; };
		8F6100610085B5EEA4CE7C98 /* APIClientTests.swift in Sources */ = {isa = PBXBuildFile; fileRef = A9045653BE603E3F6D51FFBD /* APIClientTests.swift */; };
		8FCE44FDE0AB25A5D1BB4AE1 /* BookDetailView.swift in Sources */ = {isa = PBXBuildFile; fileRef = F3BF18CBA571502026DDAE3D /* BookDetailView.swift */; };
		928FE3D9F2A8FB8517B14144 /* AgentLog.swift in Sources */ = {isa = PBXBuildFile; fileRef = 3243E7CB5EF7D7813784A263 /* AgentLog.swift */; };
		9364CC51BCC9830A740561F6 /* AgentLogStoreTests.swift in Sources */ = {isa = PBXBuildFile; fileRef = 61A3F85CE4E48F08E83451F9 /* AgentLogStoreTests.swift */; };
		94D7994F7BE9DAD72FE52359 /* ChaptersStoreImportTests.swift in Sources */ = {isa = PBXBuildFile; fileRef = 7D3F1A62B85D8CE0D190CFA0 /* ChaptersStoreImportTests.swift */; };
		988D23DE5AD147A48672A9B8 /* TimelineEventEditTests.swift in Sources */ = {isa = PBXBuildFile; fileRef = C47BE64A71CBF4931E3ADB01 /* TimelineEventEditTests.swift */; };
		9FFD8A56D6161CAF26325E37 /* IOSSettingsView.swift in Sources */ = {isa = PBXBuildFile; fileRef = 5521F00034795F02C4646A0E /* IOSSettingsView.swift */; };
		A33D93C8772070B35F7233F6 /* AppError.swift in Sources */ = {isa = PBXBuildFile; fileRef = D20DAD11510ED55BBAC0FF1C /* AppError.swift */; };
		A44553D0AD3EF8644FC166C0 /* ListResponse.swift in Sources */ = {isa = PBXBuildFile; fileRef = 458E63E1FC585D07766A41D7 /* ListResponse.swift */; };
		A71D9DE94C4FFFF1D859704E /* ErrorBusHistoryTests.swift in Sources */ = {isa = PBXBuildFile; fileRef = C951EA31F571E35670BF4D2F /* ErrorBusHistoryTests.swift */; };
		A7E32BDD0AE796BE8FF92257 /* RootView.swift in Sources */ = {isa = PBXBuildFile; fileRef = 1E6F32D725AE4A2282B1B71A /* RootView.swift */; };
		A94EFBCAA5B0A9F91FE10E22 /* StatusBadge.swift in Sources */ = {isa = PBXBuildFile; fileRef = 72444369BA6CA87B9EA0293F /* StatusBadge.swift */; };
		AD23A813E413729FC8614CDB /* TimelineEvent.swift in Sources */ = {isa = PBXBuildFile; fileRef = ECA5BDCD10CD4A13B5DC25B7 /* TimelineEvent.swift */; };
		B24A9CEE22266DD7B0E57E5C /* MockAPIClient.swift in Sources */ = {isa = PBXBuildFile; fileRef = 57FEEF176E8A04434A70B8F4 /* MockAPIClient.swift */; };
		B401660F6E3C4D494CB78587 /* ChapterSplitter.swift in Sources */ = {isa = PBXBuildFile; fileRef = E00A558E28508FC0B70B1AE8 /* ChapterSplitter.swift */; };
		B58BE0D283D56BA2085FFB1D /* IOSConnectionSettingsSection.swift in Sources */ = {isa = PBXBuildFile; fileRef = 1D4638717DEFCA4420ECEE09 /* IOSConnectionSettingsSection.swift */; };
		BDAA992E152CE3D59D407A9C /* PlatformAliases.swift in Sources */ = {isa = PBXBuildFile; fileRef = B1DE2A4E13CECED664214DD6 /* PlatformAliases.swift */; };
		BDB0F4247ABACBCD951E6940 /* IOSCharactersSection.swift in Sources */ = {isa = PBXBuildFile; fileRef = 77AB32DDA9D1C593BD39BBD6 /* IOSCharactersSection.swift */; };
		BFDA7AD325D6D677006989FE /* Assets.xcassets in Resources */ = {isa = PBXBuildFile; fileRef = 5A1940EB3F6408EF2A087323 /* Assets.xcassets */; };
		C1A3B42556854B9822E1403C /* KeyboardShortcuts.swift in Sources */ = {isa = PBXBuildFile; fileRef = 48BBF0A3A8E68611B0D13487 /* KeyboardShortcuts.swift */; };
		C1ECB8CDB7DFE597B370ECCC /* MacBookshelfView.swift in Sources */ = {isa = PBXBuildFile; fileRef = 6338ABDCF4AF1EA5794D07CC /* MacBookshelfView.swift */; };
		C436D49FAA007F1EB020F46D /* MacChapterEditor.swift in Sources */ = {isa = PBXBuildFile; fileRef = EE179DAFA463AAC772C61E1C /* MacChapterEditor.swift */; };
		C9EC9836DD863E585DC80E86 /* ReaderView.swift in Sources */ = {isa = PBXBuildFile; fileRef = 3E2338B805809EB0BD49BFAF /* ReaderView.swift */; };
		CA0E7E3FA1B415ED41C217A3 /* FileSaverIOSTests.swift in Sources */ = {isa = PBXBuildFile; fileRef = D4F5F0029889FA89A68FD10E /* FileSaverIOSTests.swift */; };
		CA9A4201B51D2694543B9EC6 /* LWMetrics.swift in Sources */ = {isa = PBXBuildFile; fileRef = AAE4AE9176A031910CED0DC6 /* LWMetrics.swift */; };
		CB7D0CE01F81A8F5DE234AEE /* StoreTests.swift in Sources */ = {isa = PBXBuildFile; fileRef = 779A8AEDACC681C504E2847A /* StoreTests.swift */; };
		CFA734D14E12363E7395EBCC /* MacShellView.swift in Sources */ = {isa = PBXBuildFile; fileRef = DEBA460438020A3DFB86D459 /* MacShellView.swift */; };
		D46CA5B00F11D9673EA28BD8 /* ProviderKeysStore.swift in Sources */ = {isa = PBXBuildFile; fileRef = BC128B5999E185FFB2979A12 /* ProviderKeysStore.swift */; };
		D6A1BE38B44E7DB6358D69A0 /* MacTimelineTab.swift in Sources */ = {isa = PBXBuildFile; fileRef = 1AE6B76C1211EE081E3613BC /* MacTimelineTab.swift */; };
		D8AF1AC7D6E0CFE4B109B257 /* EditorWidgets.swift in Sources */ = {isa = PBXBuildFile; fileRef = 95A1D123D6A024487328198E /* EditorWidgets.swift */; };
		DA06F1D070994F13591AB5BB /* ErrorMapping.swift in Sources */ = {isa = PBXBuildFile; fileRef = 36E43F39997D7B409EDA47C2 /* ErrorMapping.swift */; };
		DA3216AB52622446AF4324D8 /* MacChapterSidebar.swift in Sources */ = {isa = PBXBuildFile; fileRef = 857022D14C47FD298E4451F6 /* MacChapterSidebar.swift */; };
		DBB5AFD6C5AF43DB65AD7C59 /* MockAPIClient.swift in Sources */ = {isa = PBXBuildFile; fileRef = 57FEEF176E8A04434A70B8F4 /* MockAPIClient.swift */; };
		DDA51FE21DA32553EDA19FFC /* DotIndicator.swift in Sources */ = {isa = PBXBuildFile; fileRef = 7BC492920B9E8880FD492888 /* DotIndicator.swift */; };
		DDD9A3C468057B4EA639C444 /* CardHeadFieldCommit.swift in Sources */ = {isa = PBXBuildFile; fileRef = F0A0B47511005A5B2842571F /* CardHeadFieldCommit.swift */; };
		DE180A1E35FBD00919A5837F /* ChapterEditorStoreIOSTests.swift in Sources */ = {isa = PBXBuildFile; fileRef = 8857F99D5F43C9C8FF0BF722 /* ChapterEditorStoreIOSTests.swift */; };
		DE3CEAE53EDF1A6F4C9A1BB7 /* BookshelfStoreIOSTests.swift in Sources */ = {isa = PBXBuildFile; fileRef = 34B2354D9B16F0157FF117FD /* BookshelfStoreIOSTests.swift */; };
		DF0C0FF8B3021737FD0127D5 /* JSONValue.swift in Sources */ = {isa = PBXBuildFile; fileRef = CBE2B69F0497588D8DBF6EAF /* JSONValue.swift */; };
		DF6B00D800ABCB18E7401A90 /* ChapterEditorStoreThinkingTests.swift in Sources */ = {isa = PBXBuildFile; fileRef = 43871483E703D8F17242298E /* ChapterEditorStoreThinkingTests.swift */; };
		E00370A3DCE6A2EA2792EF6B /* ChapterSplitterIOSTests.swift in Sources */ = {isa = PBXBuildFile; fileRef = 69345F199892380615583BDD /* ChapterSplitterIOSTests.swift */; };
		E00E05EE404B7695A94EE674 /* CharactersStoreEditingTests.swift in Sources */ = {isa = PBXBuildFile; fileRef = 4120518E2F62D5B8E827C706 /* CharactersStoreEditingTests.swift */; };
		E2C56A1DA3694B1D762C0C1B /* CharacterAuthorNotesCodecTests.swift in Sources */ = {isa = PBXBuildFile; fileRef = 56A211433978FE2B59102902 /* CharacterAuthorNotesCodecTests.swift */; };
		E34EE4B0A49EA73BC97EBB8A /* MacCharacterTab.swift in Sources */ = {isa = PBXBuildFile; fileRef = 2DEDB9AD693FADFE24DCA09D /* MacCharacterTab.swift */; };
		E3FCE58E28471D8646EAA7AA /* PersonaStore.swift in Sources */ = {isa = PBXBuildFile; fileRef = 74177C1182E967C876C1E4B6 /* PersonaStore.swift */; };
		E4A9ED88421B0ABB91EE2531 /* IOSChaptersSection.swift in Sources */ = {isa = PBXBuildFile; fileRef = A2E6B728090126751565077B /* IOSChaptersSection.swift */; };
		E7675D9B4DE4EBEBAE70C3D2 /* IOSBookCardView.swift in Sources */ = {isa = PBXBuildFile; fileRef = 9851E54F09EAD63E80F80A1A /* IOSBookCardView.swift */; };
		E8C984A316754BDCE5752B8E /* BookshelfStore.swift in Sources */ = {isa = PBXBuildFile; fileRef = A7399AB340E04D17D1317F54 /* BookshelfStore.swift */; };
		EC86F3BC6639A94087859A57 /* PersonaTests.swift in Sources */ = {isa = PBXBuildFile; fileRef = 0B3DBA35AD327D957AF651A6 /* PersonaTests.swift */; };
		ED74EEBF63E2764B9F52F714 /* ChapterSplitterTests.swift in Sources */ = {isa = PBXBuildFile; fileRef = F2C66467F9F8238B02B7F49D /* ChapterSplitterTests.swift */; };
		F10B30A19DB19AE0CFB28222 /* BookCardGlassView.swift in Sources */ = {isa = PBXBuildFile; fileRef = 189FE3A9A77579F26D108542 /* BookCardGlassView.swift */; };
		F235C2F080FC1BFB8C1F5694 /* ErrorBus.swift in Sources */ = {isa = PBXBuildFile; fileRef = A6B7C55DE09B49123FDF68F2 /* ErrorBus.swift */; };
		F3D276DC5FAE548BFAAEE9A8 /* Book.swift in Sources */ = {isa = PBXBuildFile; fileRef = 6E1A95792F4074A542705A2A /* Book.swift */; };
		F77402661BB5E16C1E00EB09 /* CharacterFieldHighlightsTests.swift in Sources */ = {isa = PBXBuildFile; fileRef = 8AA7F06D6946A2E4DB10CCC2 /* CharacterFieldHighlightsTests.swift */; };
		F903FB4F81E08CB914BA7E5B /* MacPersonaSettingsSection.swift in Sources */ = {isa = PBXBuildFile; fileRef = 1B2C58B6A168FFEF4DB1030E /* MacPersonaSettingsSection.swift */; };
		F987288D60AEDF8F5072BE2B /* ChaptersStore.swift in Sources */ = {isa = PBXBuildFile; fileRef = EFFFA46EC62CC96A055989EF /* ChaptersStore.swift */; };
		FA6EC7BC7267140FBFAFD87D /* MacWorkspaceView.swift in Sources */ = {isa = PBXBuildFile; fileRef = 995AEBCA6335923964556665 /* MacWorkspaceView.swift */; };
		FBDDBD2DCDF2ECAF19900D13 /* IOSPersonaSettingsSection.swift in Sources */ = {isa = PBXBuildFile; fileRef = 67998F67DAE4CDA459E01FE3 /* IOSPersonaSettingsSection.swift */; };
		FD9BCF48D0942C14F68533AB /* ChapterEditorStore.swift in Sources */ = {isa = PBXBuildFile; fileRef = 79FE421971D21F740D9135D5 /* ChapterEditorStore.swift */; };
/* End PBXBuildFile section */

/* Begin PBXContainerItemProxy section */
		377C884C19540EFA6446B434 /* PBXContainerItemProxy */ = {
			isa = PBXContainerItemProxy;
			containerPortal = AACA861A3AD24D448EC13ACB /* Project object */;
			proxyType = 1;
			remoteGlobalIDString = 606975C3680006E8821C678F;
			remoteInfo = LinoWriting;
		};
		9E5CF05ADE4EB5EA061CD1C5 /* PBXContainerItemProxy */ = {
			isa = PBXContainerItemProxy;
			containerPortal = AACA861A3AD24D448EC13ACB /* Project object */;
			proxyType = 1;
			remoteGlobalIDString = 606975C3680006E8821C678F;
			remoteInfo = LinoWriting;
		};
/* End PBXContainerItemProxy section */

/* Begin PBXFileReference section */
		00014DE449CF5813785CAAAE /* Settings.swift */ = {isa = PBXFileReference; lastKnownFileType = sourcecode.swift; path = Settings.swift; sourceTree = "<group>"; };
		062EB6DE800850FD60014CAF /* IOSSummariesSection.swift */ = {isa = PBXFileReference; lastKnownFileType = sourcecode.swift; path = IOSSummariesSection.swift; sourceTree = "<group>"; };
		0B3DBA35AD327D957AF651A6 /* PersonaTests.swift */ = {isa = PBXFileReference; lastKnownFileType = sourcecode.swift; path = PersonaTests.swift; sourceTree = "<group>"; };
		0CA8641AEBD078362C13CFEC /* NewChapterSheet.swift */ = {isa = PBXFileReference; lastKnownFileType = sourcecode.swift; path = NewChapterSheet.swift; sourceTree = "<group>"; };
		12E0898A481E7BE65AB535C4 /* InlineEditableTags.swift */ = {isa = PBXFileReference; lastKnownFileType = sourcecode.swift; path = InlineEditableTags.swift; sourceTree = "<group>"; };
		12F81F91EC047908A981B640 /* ReaderView_iOS.swift */ = {isa = PBXFileReference; lastKnownFileType = sourcecode.swift; path = ReaderView_iOS.swift; sourceTree = "<group>"; };
		16237DD8AEB48AAFBF77622A /* ExportTests.swift */ = {isa = PBXFileReference; lastKnownFileType = sourcecode.swift; path = ExportTests.swift; sourceTree = "<group>"; };
		16C3B293A1ED44F91A6B0503 /* MacBookSettingsTab.swift */ = {isa = PBXFileReference; lastKnownFileType = sourcecode.swift; path = MacBookSettingsTab.swift; sourceTree = "<group>"; };
		189FE3A9A77579F26D108542 /* BookCardGlassView.swift */ = {isa = PBXFileReference; lastKnownFileType = sourcecode.swift; path = BookCardGlassView.swift; sourceTree = "<group>"; };
		1909F9BB4E25CF1ED009A5F6 /* EditableTagList.swift */ = {isa = PBXFileReference; lastKnownFileType = sourcecode.swift; path = EditableTagList.swift; sourceTree = "<group>"; };
		1AE6B76C1211EE081E3613BC /* MacTimelineTab.swift */ = {isa = PBXFileReference; lastKnownFileType = sourcecode.swift; path = MacTimelineTab.swift; sourceTree = "<group>"; };
		1B2C58B6A168FFEF4DB1030E /* MacPersonaSettingsSection.swift */ = {isa = PBXFileReference; lastKnownFileType = sourcecode.swift; path = MacPersonaSettingsSection.swift; sourceTree = "<group>"; };
		1D4638717DEFCA4420ECEE09 /* IOSConnectionSettingsSection.swift */ = {isa = PBXFileReference; lastKnownFileType = sourcecode.swift; path = IOSConnectionSettingsSection.swift; sourceTree = "<group>"; };
		1E6F32D725AE4A2282B1B71A /* RootView.swift */ = {isa = PBXFileReference; lastKnownFileType = sourcecode.swift; path = RootView.swift; sourceTree = "<group>"; };
		25E560A99E0E170D6CF3F71C /* MacConnectionSettingsSection.swift */ = {isa = PBXFileReference; lastKnownFileType = sourcecode.swift; path = MacConnectionSettingsSection.swift; sourceTree = "<group>"; };
		2CE6E0E89ED01835C3D4DB9E /* ErrorBusIOSTests.swift */ = {isa = PBXFileReference; lastKnownFileType = sourcecode.swift; path = ErrorBusIOSTests.swift; sourceTree = "<group>"; };
		2D79F224D6511D626D52377E /* APIClient.swift */ = {isa = PBXFileReference; lastKnownFileType = sourcecode.swift; path = APIClient.swift; sourceTree = "<group>"; };
		2DEDB9AD693FADFE24DCA09D /* MacCharacterTab.swift */ = {isa = PBXFileReference; lastKnownFileType = sourcecode.swift; path = MacCharacterTab.swift; sourceTree = "<group>"; };
		3243E7CB5EF7D7813784A263 /* AgentLog.swift */ = {isa = PBXFileReference; lastKnownFileType = sourcecode.swift; path = AgentLog.swift; sourceTree = "<group>"; };
		34B2354D9B16F0157FF117FD /* BookshelfStoreIOSTests.swift */ = {isa = PBXFileReference; lastKnownFileType = sourcecode.swift; path = BookshelfStoreIOSTests.swift; sourceTree = "<group>"; };
		34E37F3AAA1DF6ED0C531659 /* LinoWritingTestsIOS.xctest */ = {isa = PBXFileReference; includeInIndex = 0; lastKnownFileType = wrapper.cfbundle; path = LinoWritingTestsIOS.xctest; sourceTree = BUILT_PRODUCTS_DIR; };
		36CEF891459AF0F2BF5838AC /* AppEnvironment.swift */ = {isa = PBXFileReference; lastKnownFileType = sourcecode.swift; path = AppEnvironment.swift; sourceTree = "<group>"; };
		36E43F39997D7B409EDA47C2 /* ErrorMapping.swift */ = {isa = PBXFileReference; lastKnownFileType = sourcecode.swift; path = ErrorMapping.swift; sourceTree = "<group>"; };
		380D206061FB6D6BCF3C436A /* IOSBookSettingsSection.swift */ = {isa = PBXFileReference; lastKnownFileType = sourcecode.swift; path = IOSBookSettingsSection.swift; sourceTree = "<group>"; };
		3E2338B805809EB0BD49BFAF /* ReaderView.swift */ = {isa = PBXFileReference; lastKnownFileType = sourcecode.swift; path = ReaderView.swift; sourceTree = "<group>"; };
		3E6890ECD2C92049C83A1936 /* ReadingTheme.swift */ = {isa = PBXFileReference; lastKnownFileType = sourcecode.swift; path = ReadingTheme.swift; sourceTree = "<group>"; };
		4120518E2F62D5B8E827C706 /* CharactersStoreEditingTests.swift */ = {isa = PBXFileReference; lastKnownFileType = sourcecode.swift; path = CharactersStoreEditingTests.swift; sourceTree = "<group>"; };
		4200A4C1B87B2644B3D219AE /* GlassControls.swift */ = {isa = PBXFileReference; lastKnownFileType = sourcecode.swift; path = GlassControls.swift; sourceTree = "<group>"; };
		4333203ACD859F2AE7750E68 /* Chapter.swift */ = {isa = PBXFileReference; lastKnownFileType = sourcecode.swift; path = Chapter.swift; sourceTree = "<group>"; };
		43871483E703D8F17242298E /* ChapterEditorStoreThinkingTests.swift */ = {isa = PBXFileReference; lastKnownFileType = sourcecode.swift; path = ChapterEditorStoreThinkingTests.swift; sourceTree = "<group>"; };
		43C890CF38D4096579E181EF /* LWColor.swift */ = {isa = PBXFileReference; lastKnownFileType = sourcecode.swift; path = LWColor.swift; sourceTree = "<group>"; };
		455E75EE0A22ADAAD4D24F95 /* SheetPresentationIOSTests.swift */ = {isa = PBXFileReference; lastKnownFileType = sourcecode.swift; path = SheetPresentationIOSTests.swift; sourceTree = "<group>"; };
		458E63E1FC585D07766A41D7 /* ListResponse.swift */ = {isa = PBXFileReference; lastKnownFileType = sourcecode.swift; path = ListResponse.swift; sourceTree = "<group>"; };
		45916ED6DA845B318F084239 /* TimelineStore.swift */ = {isa = PBXFileReference; lastKnownFileType = sourcecode.swift; path = TimelineStore.swift; sourceTree = "<group>"; };
		470934EAD298CBB449F56D6E /* LinoWritingApp.swift */ = {isa = PBXFileReference; lastKnownFileType = sourcecode.swift; path = LinoWritingApp.swift; sourceTree = "<group>"; };
		48BBF0A3A8E68611B0D13487 /* KeyboardShortcuts.swift */ = {isa = PBXFileReference; lastKnownFileType = sourcecode.swift; path = KeyboardShortcuts.swift; sourceTree = "<group>"; };
		48E27FD7F7B6B957E1FA2E23 /* RootViewIOS.swift */ = {isa = PBXFileReference; lastKnownFileType = sourcecode.swift; path = RootViewIOS.swift; sourceTree = "<group>"; };
		4932F58C979044FABF7ACD4C /* MacNewBookSheet.swift */ = {isa = PBXFileReference; lastKnownFileType = sourcecode.swift; path = MacNewBookSheet.swift; sourceTree = "<group>"; };
		4E0F9833502AA3687B8D3532 /* Character.swift */ = {isa = PBXFileReference; lastKnownFileType = sourcecode.swift; path = Character.swift; sourceTree = "<group>"; };
		4E1C91690D492CF7A7B18086 /* SSEClient.swift */ = {isa = PBXFileReference; lastKnownFileType = sourcecode.swift; path = SSEClient.swift; sourceTree = "<group>"; };
		5521F00034795F02C4646A0E /* IOSSettingsView.swift */ = {isa = PBXFileReference; lastKnownFileType = sourcecode.swift; path = IOSSettingsView.swift; sourceTree = "<group>"; };
		56A211433978FE2B59102902 /* CharacterAuthorNotesCodecTests.swift */ = {isa = PBXFileReference; lastKnownFileType = sourcecode.swift; path = CharacterAuthorNotesCodecTests.swift; sourceTree = "<group>"; };
		57FEEF176E8A04434A70B8F4 /* MockAPIClient.swift */ = {isa = PBXFileReference; lastKnownFileType = sourcecode.swift; path = MockAPIClient.swift; sourceTree = "<group>"; };
		582647D43A476D87CBF39A56 /* MacRightPanel.swift */ = {isa = PBXFileReference; lastKnownFileType = sourcecode.swift; path = MacRightPanel.swift; sourceTree = "<group>"; };
		5A1940EB3F6408EF2A087323 /* Assets.xcassets */ = {isa = PBXFileReference; lastKnownFileType = folder.assetcatalog; path = Assets.xcassets; sourceTree = "<group>"; };
		5AD2E22A44C94887EB2164B8 /* MacLogsSettingsSection.swift */ = {isa = PBXFileReference; lastKnownFileType = sourcecode.swift; path = MacLogsSettingsSection.swift; sourceTree = "<group>"; };
		5B54D55130EA315C7EE9BDD3 /* Toast.swift */ = {isa = PBXFileReference; lastKnownFileType = sourcecode.swift; path = Toast.swift; sourceTree = "<group>"; };
		5EAB02FBFEE9D9708E8C2A1C /* ChapterExtractTests.swift */ = {isa = PBXFileReference; lastKnownFileType = sourcecode.swift; path = ChapterExtractTests.swift; sourceTree = "<group>"; };
		61A3F85CE4E48F08E83451F9 /* AgentLogStoreTests.swift */ = {isa = PBXFileReference; lastKnownFileType = sourcecode.swift; path = AgentLogStoreTests.swift; sourceTree = "<group>"; };
		6338ABDCF4AF1EA5794D07CC /* MacBookshelfView.swift */ = {isa = PBXFileReference; lastKnownFileType = sourcecode.swift; path = MacBookshelfView.swift; sourceTree = "<group>"; };
		6749D9DB35843D3513086B9E /* MacSettingsRoleVocab.swift */ = {isa = PBXFileReference; lastKnownFileType = sourcecode.swift; path = MacSettingsRoleVocab.swift; sourceTree = "<group>"; };
		67998F67DAE4CDA459E01FE3 /* IOSPersonaSettingsSection.swift */ = {isa = PBXFileReference; lastKnownFileType = sourcecode.swift; path = IOSPersonaSettingsSection.swift; sourceTree = "<group>"; };
		686161A32E57316C3ABBC71C /* IOSSettingsRoleVocab.swift */ = {isa = PBXFileReference; lastKnownFileType = sourcecode.swift; path = IOSSettingsRoleVocab.swift; sourceTree = "<group>"; };
		69345F199892380615583BDD /* ChapterSplitterIOSTests.swift */ = {isa = PBXFileReference; lastKnownFileType = sourcecode.swift; path = ChapterSplitterIOSTests.swift; sourceTree = "<group>"; };
		6DC058E61EDCD9E23C1CB27E /* ProviderKeyEditSheet.swift */ = {isa = PBXFileReference; lastKnownFileType = sourcecode.swift; path = ProviderKeyEditSheet.swift; sourceTree = "<group>"; };
		6DE2361D2021D4EFE7AA1395 /* NetworkProbe.swift */ = {isa = PBXFileReference; lastKnownFileType = sourcecode.swift; path = NetworkProbe.swift; sourceTree = "<group>"; };
		6E1A95792F4074A542705A2A /* Book.swift */ = {isa = PBXFileReference; lastKnownFileType = sourcecode.swift; path = Book.swift; sourceTree = "<group>"; };
		72444369BA6CA87B9EA0293F /* StatusBadge.swift */ = {isa = PBXFileReference; lastKnownFileType = sourcecode.swift; path = StatusBadge.swift; sourceTree = "<group>"; };
		73C97B43B64880265CE9E5E9 /* KeychainStore.swift */ = {isa = PBXFileReference; lastKnownFileType = sourcecode.swift; path = KeychainStore.swift; sourceTree = "<group>"; };
		74177C1182E967C876C1E4B6 /* PersonaStore.swift */ = {isa = PBXFileReference; lastKnownFileType = sourcecode.swift; path = PersonaStore.swift; sourceTree = "<group>"; };
		75310F1791024A41F4654534 /* FileSaver.swift */ = {isa = PBXFileReference; lastKnownFileType = sourcecode.swift; path = FileSaver.swift; sourceTree = "<group>"; };
		779A8AEDACC681C504E2847A /* StoreTests.swift */ = {isa = PBXFileReference; lastKnownFileType = sourcecode.swift; path = StoreTests.swift; sourceTree = "<group>"; };
		77AB32DDA9D1C593BD39BBD6 /* IOSCharactersSection.swift */ = {isa = PBXFileReference; lastKnownFileType = sourcecode.swift; path = IOSCharactersSection.swift; sourceTree = "<group>"; };
		79FE421971D21F740D9135D5 /* ChapterEditorStore.swift */ = {isa = PBXFileReference; lastKnownFileType = sourcecode.swift; path = ChapterEditorStore.swift; sourceTree = "<group>"; };
		7BC492920B9E8880FD492888 /* DotIndicator.swift */ = {isa = PBXFileReference; lastKnownFileType = sourcecode.swift; path = DotIndicator.swift; sourceTree = "<group>"; };
		7D3F1A62B85D8CE0D190CFA0 /* ChaptersStoreImportTests.swift */ = {isa = PBXFileReference; lastKnownFileType = sourcecode.swift; path = ChaptersStoreImportTests.swift; sourceTree = "<group>"; };
		81587C34FDB35004D1B1AEF2 /* MacSummariesTab.swift */ = {isa = PBXFileReference; lastKnownFileType = sourcecode.swift; path = MacSummariesTab.swift; sourceTree = "<group>"; };
		857022D14C47FD298E4451F6 /* MacChapterSidebar.swift */ = {isa = PBXFileReference; lastKnownFileType = sourcecode.swift; path = MacChapterSidebar.swift; sourceTree = "<group>"; };
		864DFD10296B35AA09DEBCA0 /* BookStore.swift */ = {isa = PBXFileReference; lastKnownFileType = sourcecode.swift; path = BookStore.swift; sourceTree = "<group>"; };
		87927A4FB806DF2AFB08E322 /* MacModelsSettingsSection.swift */ = {isa = PBXFileReference; lastKnownFileType = sourcecode.swift; path = MacModelsSettingsSection.swift; sourceTree = "<group>"; };
		8808B993A148FD14273E4A52 /* ChapterEditorStorePartialDraftTests.swift */ = {isa = PBXFileReference; lastKnownFileType = sourcecode.swift; path = ChapterEditorStorePartialDraftTests.swift; sourceTree = "<group>"; };
		8857F99D5F43C9C8FF0BF722 /* ChapterEditorStoreIOSTests.swift */ = {isa = PBXFileReference; lastKnownFileType = sourcecode.swift; path = ChapterEditorStoreIOSTests.swift; sourceTree = "<group>"; };
		89EBA0FD3845842B23FAEC5E /* Info.plist */ = {isa = PBXFileReference; lastKnownFileType = text.plist; path = Info.plist; sourceTree = "<group>"; };
		8A9347DAAC8E2D449DAD558F /* CodecFactory.swift */ = {isa = PBXFileReference; lastKnownFileType = sourcecode.swift; path = CodecFactory.swift; sourceTree = "<group>"; };
		8AA7F06D6946A2E4DB10CCC2 /* CharacterFieldHighlightsTests.swift */ = {isa = PBXFileReference; lastKnownFileType = sourcecode.swift; path = CharacterFieldHighlightsTests.swift; sourceTree = "<group>"; };
		8AC4B715D37906D4775007F1 /* InlineEditableDict.swift */ = {isa = PBXFileReference; lastKnownFileType = sourcecode.swift; path = InlineEditableDict.swift; sourceTree = "<group>"; };
		906BCD7A81F9DAF80BF8AE1D /* AgentPersona.swift */ = {isa = PBXFileReference; lastKnownFileType = sourcecode.swift; path = AgentPersona.swift; sourceTree = "<group>"; };
		9270C694BC872945963D987E /* ProviderKey.swift */ = {isa = PBXFileReference; lastKnownFileType = sourcecode.swift; path = ProviderKey.swift; sourceTree = "<group>"; };
		94E1708136EE3979EE39D471 /* IOSChapterImportSheet.swift */ = {isa = PBXFileReference; lastKnownFileType = sourcecode.swift; path = IOSChapterImportSheet.swift; sourceTree = "<group>"; };
		95A1D123D6A024487328198E /* EditorWidgets.swift */ = {isa = PBXFileReference; lastKnownFileType = sourcecode.swift; path = EditorWidgets.swift; sourceTree = "<group>"; };
		95B45D80B9FA0AFF0BF287BA /* IOSChapterEditPlaceholder.swift */ = {isa = PBXFileReference; lastKnownFileType = sourcecode.swift; path = IOSChapterEditPlaceholder.swift; sourceTree = "<group>"; };
		9851E54F09EAD63E80F80A1A /* IOSBookCardView.swift */ = {isa = PBXFileReference; lastKnownFileType = sourcecode.swift; path = IOSBookCardView.swift; sourceTree = "<group>"; };
		995AEBCA6335923964556665 /* MacWorkspaceView.swift */ = {isa = PBXFileReference; lastKnownFileType = sourcecode.swift; path = MacWorkspaceView.swift; sourceTree = "<group>"; };
		995F5BDA6A5D1274715E1DC4 /* AppStore.swift */ = {isa = PBXFileReference; lastKnownFileType = sourcecode.swift; path = AppStore.swift; sourceTree = "<group>"; };
		A1C1E4DA441F543FD625F726 /* AppStoreBannerTests.swift */ = {isa = PBXFileReference; lastKnownFileType = sourcecode.swift; path = AppStoreBannerTests.swift; sourceTree = "<group>"; };
		A2E6B728090126751565077B /* IOSChaptersSection.swift */ = {isa = PBXFileReference; lastKnownFileType = sourcecode.swift; path = IOSChaptersSection.swift; sourceTree = "<group>"; };
		A6B7C55DE09B49123FDF68F2 /* ErrorBus.swift */ = {isa = PBXFileReference; lastKnownFileType = sourcecode.swift; path = ErrorBus.swift; sourceTree = "<group>"; };
		A7399AB340E04D17D1317F54 /* BookshelfStore.swift */ = {isa = PBXFileReference; lastKnownFileType = sourcecode.swift; path = BookshelfStore.swift; sourceTree = "<group>"; };
		A9045653BE603E3F6D51FFBD /* APIClientTests.swift */ = {isa = PBXFileReference; lastKnownFileType = sourcecode.swift; path = APIClientTests.swift; sourceTree = "<group>"; };
		AAE4AE9176A031910CED0DC6 /* LWMetrics.swift */ = {isa = PBXFileReference; lastKnownFileType = sourcecode.swift; path = LWMetrics.swift; sourceTree = "<group>"; };
		AAF182D970E4170BD60E2C5B /* IOSBookshelfView.swift */ = {isa = PBXFileReference; lastKnownFileType = sourcecode.swift; path = IOSBookshelfView.swift; sourceTree = "<group>"; };
		ADCF072ADE52E4E7CCDEE242 /* ChapterEditorStoreReattachTests.swift */ = {isa = PBXFileReference; lastKnownFileType = sourcecode.swift; path = ChapterEditorStoreReattachTests.swift; sourceTree = "<group>"; };
		AF097B90043258DA067B33D7 /* SSEClientTests.swift */ = {isa = PBXFileReference; lastKnownFileType = sourcecode.swift; path = SSEClientTests.swift; sourceTree = "<group>"; };
		B1DE2A4E13CECED664214DD6 /* PlatformAliases.swift */ = {isa = PBXFileReference; lastKnownFileType = sourcecode.swift; path = PlatformAliases.swift; sourceTree = "<group>"; };
		B6D025FDE2776B5B9B5012D5 /* LWFont.swift */ = {isa = PBXFileReference; lastKnownFileType = sourcecode.swift; path = LWFont.swift; sourceTree = "<group>"; };
		BC128B5999E185FFB2979A12 /* ProviderKeysStore.swift */ = {isa = PBXFileReference; lastKnownFileType = sourcecode.swift; path = ProviderKeysStore.swift; sourceTree = "<group>"; };
		C47BE64A71CBF4931E3ADB01 /* TimelineEventEditTests.swift */ = {isa = PBXFileReference; lastKnownFileType = sourcecode.swift; path = TimelineEventEditTests.swift; sourceTree = "<group>"; };
		C4A01A077E5F5B1CA5FE97A8 /* IOSModelsSettingsSection.swift */ = {isa = PBXFileReference; lastKnownFileType = sourcecode.swift; path = IOSModelsSettingsSection.swift; sourceTree = "<group>"; };
		C701FE59322CE7CC25DD7AB9 /* ImportChapterSheet.swift */ = {isa = PBXFileReference; lastKnownFileType = sourcecode.swift; path = ImportChapterSheet.swift; sourceTree = "<group>"; };
		C951EA31F571E35670BF4D2F /* ErrorBusHistoryTests.swift */ = {isa = PBXFileReference; lastKnownFileType = sourcecode.swift; path = ErrorBusHistoryTests.swift; sourceTree = "<group>"; };
		CAAD20ABBC10FE6DA153CF85 /* IOSNewBookSheet.swift */ = {isa = PBXFileReference; lastKnownFileType = sourcecode.swift; path = IOSNewBookSheet.swift; sourceTree = "<group>"; };
		CB77045EFA2CE4B93B95E183 /* LinoWriting.app */ = {isa = PBXFileReference; includeInIndex = 0; lastKnownFileType = wrapper.application; path = LinoWriting.app; sourceTree = BUILT_PRODUCTS_DIR; };
		CBE2B69F0497588D8DBF6EAF /* JSONValue.swift */ = {isa = PBXFileReference; lastKnownFileType = sourcecode.swift; path = JSONValue.swift; sourceTree = "<group>"; };
		CC5CC49F47D51D6A8FD31923 /* KeychainStoreIOSTests.swift */ = {isa = PBXFileReference; lastKnownFileType = sourcecode.swift; path = KeychainStoreIOSTests.swift; sourceTree = "<group>"; };
		CEB2CAFEFB49E3216E425974 /* IOSTimelineSection.swift */ = {isa = PBXFileReference; lastKnownFileType = sourcecode.swift; path = IOSTimelineSection.swift; sourceTree = "<group>"; };
		CF6DBCC8C09225A7BDD25FF3 /* StructuredPrompt.swift */ = {isa = PBXFileReference; lastKnownFileType = sourcecode.swift; path = StructuredPrompt.swift; sourceTree = "<group>"; };
		D06E847EE4E2FD95F326E922 /* InlineEditableText.swift */ = {isa = PBXFileReference; lastKnownFileType = sourcecode.swift; path = InlineEditableText.swift; sourceTree = "<group>"; };
		D20DAD11510ED55BBAC0FF1C /* AppError.swift */ = {isa = PBXFileReference; lastKnownFileType = sourcecode.swift; path = AppError.swift; sourceTree = "<group>"; };
		D378AC8F7CBF8C2E98F29D97 /* CharactersStore.swift */ = {isa = PBXFileReference; lastKnownFileType = sourcecode.swift; path = CharactersStore.swift; sourceTree = "<group>"; };
		D4F5F0029889FA89A68FD10E /* FileSaverIOSTests.swift */ = {isa = PBXFileReference; lastKnownFileType = sourcecode.swift; path = FileSaverIOSTests.swift; sourceTree = "<group>"; };
		DEB10166F920ADCE13814BCE /* ChapterEditorStoreResetTests.swift */ = {isa = PBXFileReference; lastKnownFileType = sourcecode.swift; path = ChapterEditorStoreResetTests.swift; sourceTree = "<group>"; };
		DEBA460438020A3DFB86D459 /* MacShellView.swift */ = {isa = PBXFileReference; lastKnownFileType = sourcecode.swift; path = MacShellView.swift; sourceTree = "<group>"; };
		E00A558E28508FC0B70B1AE8 /* ChapterSplitter.swift */ = {isa = PBXFileReference; lastKnownFileType = sourcecode.swift; path = ChapterSplitter.swift; sourceTree = "<group>"; };
		E465C3D7893A74D5806DB97A /* ExportFormat.swift */ = {isa = PBXFileReference; lastKnownFileType = sourcecode.swift; path = ExportFormat.swift; sourceTree = "<group>"; };
		E71AED5CE653255C13D001BB /* ProviderKeysStoreTests.swift */ = {isa = PBXFileReference; lastKnownFileType = sourcecode.swift; path = ProviderKeysStoreTests.swift; sourceTree = "<group>"; };
		EA8047237F4DACD3C829E349 /* AgentLogStore.swift */ = {isa = PBXFileReference; lastKnownFileType = sourcecode.swift; path = AgentLogStore.swift; sourceTree = "<group>"; };
		ECA5BDCD10CD4A13B5DC25B7 /* TimelineEvent.swift */ = {isa = PBXFileReference; lastKnownFileType = sourcecode.swift; path = TimelineEvent.swift; sourceTree = "<group>"; };
		ECF7A354DEE424AF4E01EDBD /* LinoWritingTests.xctest */ = {isa = PBXFileReference; explicitFileType = wrapper.cfbundle; includeInIndex = 0; path = LinoWritingTests.xctest; sourceTree = BUILT_PRODUCTS_DIR; };
		EE179DAFA463AAC772C61E1C /* MacChapterEditor.swift */ = {isa = PBXFileReference; lastKnownFileType = sourcecode.swift; path = MacChapterEditor.swift; sourceTree = "<group>"; };
		EE1BEBBC4A96D63989EAF392 /* NavigationShellIOSTests.swift */ = {isa = PBXFileReference; lastKnownFileType = sourcecode.swift; path = NavigationShellIOSTests.swift; sourceTree = "<group>"; };
		EFFFA46EC62CC96A055989EF /* ChaptersStore.swift */ = {isa = PBXFileReference; lastKnownFileType = sourcecode.swift; path = ChaptersStore.swift; sourceTree = "<group>"; };
		F0A0B47511005A5B2842571F /* CardHeadFieldCommit.swift */ = {isa = PBXFileReference; lastKnownFileType = sourcecode.swift; path = CardHeadFieldCommit.swift; sourceTree = "<group>"; };
		F2C66467F9F8238B02B7F49D /* ChapterSplitterTests.swift */ = {isa = PBXFileReference; lastKnownFileType = sourcecode.swift; path = ChapterSplitterTests.swift; sourceTree = "<group>"; };
		F3BF18CBA571502026DDAE3D /* BookDetailView.swift */ = {isa = PBXFileReference; lastKnownFileType = sourcecode.swift; path = BookDetailView.swift; sourceTree = "<group>"; };
		FB518EAF78BE5EE3B258ED8A /* LinoWriting.entitlements */ = {isa = PBXFileReference; lastKnownFileType = text.plist.entitlements; path = LinoWriting.entitlements; sourceTree = "<group>"; };
		FC246DE94284E24D1E9BE20A /* LiquidGlass.swift */ = {isa = PBXFileReference; lastKnownFileType = sourcecode.swift; path = LiquidGlass.swift; sourceTree = "<group>"; };
		FEFDE4A8B4CCBDBD059D8FB1 /* MacSettingsView.swift */ = {isa = PBXFileReference; lastKnownFileType = sourcecode.swift; path = MacSettingsView.swift; sourceTree = "<group>"; };
		FF77F61CA807A9728E0365E7 /* MacExportSheet.swift */ = {isa = PBXFileReference; lastKnownFileType = sourcecode.swift; path = MacExportSheet.swift; sourceTree = "<group>"; };
/* End PBXFileReference section */

/* Begin PBXGroup section */
		0683258A4AA3339EFEC7300A /* iOS */ = {
			isa = PBXGroup;
			children = (
				1D4638717DEFCA4420ECEE09 /* IOSConnectionSettingsSection.swift */,
				C4A01A077E5F5B1CA5FE97A8 /* IOSModelsSettingsSection.swift */,
				67998F67DAE4CDA459E01FE3 /* IOSPersonaSettingsSection.swift */,
				686161A32E57316C3ABBC71C /* IOSSettingsRoleVocab.swift */,
				5521F00034795F02C4646A0E /* IOSSettingsView.swift */,
				48E27FD7F7B6B957E1FA2E23 /* RootViewIOS.swift */,
			);
			path = iOS;
			sourceTree = "<group>";
		};
		113C484D6E876B5E57271CF1 /* iOS */ = {
			isa = PBXGroup;
			children = (
				9851E54F09EAD63E80F80A1A /* IOSBookCardView.swift */,
				AAF182D970E4170BD60E2C5B /* IOSBookshelfView.swift */,
				CAAD20ABBC10FE6DA153CF85 /* IOSNewBookSheet.swift */,
			);
			path = iOS;
			sourceTree = "<group>";
		};
		2214332063BF1BDD3877D9BA /* Components */ = {
			isa = PBXGroup;
			children = (
				F0A0B47511005A5B2842571F /* CardHeadFieldCommit.swift */,
				7BC492920B9E8880FD492888 /* DotIndicator.swift */,
				1909F9BB4E25CF1ED009A5F6 /* EditableTagList.swift */,
				95A1D123D6A024487328198E /* EditorWidgets.swift */,
				4200A4C1B87B2644B3D219AE /* GlassControls.swift */,
				8AC4B715D37906D4775007F1 /* InlineEditableDict.swift */,
				12E0898A481E7BE65AB535C4 /* InlineEditableTags.swift */,
				D06E847EE4E2FD95F326E922 /* InlineEditableText.swift */,
				72444369BA6CA87B9EA0293F /* StatusBadge.swift */,
				5B54D55130EA315C7EE9BDD3 /* Toast.swift */,
			);
			path = Components;
			sourceTree = "<group>";
		};
		2303194B95AD76D1CC97CECE = {
			isa = PBXGroup;
			children = (
				8C0957DFD14350A4EAB8636E /* LinoWriting */,
				3076E1BBB957B328B349DAEE /* LinoWritingTests */,
				6A9E54FB7FA1CACDE90DF104 /* LinoWritingTestsIOS */,
				980AF59A03BC39F7376ED30D /* Products */,
			);
			sourceTree = "<group>";
		};
		23885D9A33B73F2C5BD7D14D /* Sidebar */ = {
			isa = PBXGroup;
			children = (
				0CA8641AEBD078362C13CFEC /* NewChapterSheet.swift */,
			);
			path = Sidebar;
			sourceTree = "<group>";
		};
		3076E1BBB957B328B349DAEE /* LinoWritingTests */ = {
			isa = PBXGroup;
			children = (
				61A3F85CE4E48F08E83451F9 /* AgentLogStoreTests.swift */,
				A9045653BE603E3F6D51FFBD /* APIClientTests.swift */,
				A1C1E4DA441F543FD625F726 /* AppStoreBannerTests.swift */,
				8808B993A148FD14273E4A52 /* ChapterEditorStorePartialDraftTests.swift */,
				ADCF072ADE52E4E7CCDEE242 /* ChapterEditorStoreReattachTests.swift */,
				DEB10166F920ADCE13814BCE /* ChapterEditorStoreResetTests.swift */,
				43871483E703D8F17242298E /* ChapterEditorStoreThinkingTests.swift */,
				5EAB02FBFEE9D9708E8C2A1C /* ChapterExtractTests.swift */,
				F2C66467F9F8238B02B7F49D /* ChapterSplitterTests.swift */,
				7D3F1A62B85D8CE0D190CFA0 /* ChaptersStoreImportTests.swift */,
				56A211433978FE2B59102902 /* CharacterAuthorNotesCodecTests.swift */,
				8AA7F06D6946A2E4DB10CCC2 /* CharacterFieldHighlightsTests.swift */,
				4120518E2F62D5B8E827C706 /* CharactersStoreEditingTests.swift */,
				C951EA31F571E35670BF4D2F /* ErrorBusHistoryTests.swift */,
				16237DD8AEB48AAFBF77622A /* ExportTests.swift */,
				57FEEF176E8A04434A70B8F4 /* MockAPIClient.swift */,
				0B3DBA35AD327D957AF651A6 /* PersonaTests.swift */,
				E71AED5CE653255C13D001BB /* ProviderKeysStoreTests.swift */,
				AF097B90043258DA067B33D7 /* SSEClientTests.swift */,
				779A8AEDACC681C504E2847A /* StoreTests.swift */,
				C47BE64A71CBF4931E3ADB01 /* TimelineEventEditTests.swift */,
			);
			path = LinoWritingTests;
			sourceTree = "<group>";
		};
		37790764FC47577CA528255B /* Workspace */ = {
			isa = PBXGroup;
			children = (
				7C454EDC0A0A1A6F1F8B8C59 /* Editor */,
				92F0C7533CE670D90C84FBC0 /* iOS */,
				DC45531CD5274AFDB1CF5886 /* Mac */,
				23885D9A33B73F2C5BD7D14D /* Sidebar */,
			);
			path = Workspace;
			sourceTree = "<group>";
		};
		44BA0986A97B80DF7672879A /* Views */ = {
			isa = PBXGroup;
			children = (
				A5AFA0BF4B7E5CF239000F98 /* Bookshelf */,
				2214332063BF1BDD3877D9BA /* Components */,
				B456E45826837E03D31FE1CC /* Reader */,
				AC4C943D8471A9ABE4347836 /* Root */,
				EAA432562544DE190D157B81 /* Theme */,
				37790764FC47577CA528255B /* Workspace */,
			);
			path = Views;
			sourceTree = "<group>";
		};
		4A246F2A87BED904CEA26AB6 /* iOS */ = {
			isa = PBXGroup;
			children = (
				12F81F91EC047908A981B640 /* ReaderView_iOS.swift */,
			);
			path = iOS;
			sourceTree = "<group>";
		};
		6A9E54FB7FA1CACDE90DF104 /* LinoWritingTestsIOS */ = {
			isa = PBXGroup;
			children = (
				34B2354D9B16F0157FF117FD /* BookshelfStoreIOSTests.swift */,
				8857F99D5F43C9C8FF0BF722 /* ChapterEditorStoreIOSTests.swift */,
				69345F199892380615583BDD /* ChapterSplitterIOSTests.swift */,
				2CE6E0E89ED01835C3D4DB9E /* ErrorBusIOSTests.swift */,
				D4F5F0029889FA89A68FD10E /* FileSaverIOSTests.swift */,
				CC5CC49F47D51D6A8FD31923 /* KeychainStoreIOSTests.swift */,
				EE1BEBBC4A96D63989EAF392 /* NavigationShellIOSTests.swift */,
				455E75EE0A22ADAAD4D24F95 /* SheetPresentationIOSTests.swift */,
			);
			path = LinoWritingTestsIOS;
			sourceTree = "<group>";
		};
		7C454EDC0A0A1A6F1F8B8C59 /* Editor */ = {
			isa = PBXGroup;
			children = (
				C701FE59322CE7CC25DD7AB9 /* ImportChapterSheet.swift */,
			);
			path = Editor;
			sourceTree = "<group>";
		};
		8C0957DFD14350A4EAB8636E /* LinoWriting */ = {
			isa = PBXGroup;
			children = (
				8DC73DC9E78AFD6BF417989E /* App */,
				C75DD2D6F0870E316D60E21F /* Models */,
				E5962AEDBA8EE458E3AB5C7F /* Platform */,
				A027E0EE20931650431E212B /* Resources */,
				A0452F192E4817D1D8954452 /* Services */,
				F15F1EC6355DBE1CE815D0F6 /* Stores */,
				44BA0986A97B80DF7672879A /* Views */,
			);
			path = LinoWriting;
			sourceTree = "<group>";
		};
		8DC73DC9E78AFD6BF417989E /* App */ = {
			isa = PBXGroup;
			children = (
				36CEF891459AF0F2BF5838AC /* AppEnvironment.swift */,
				470934EAD298CBB449F56D6E /* LinoWritingApp.swift */,
			);
			path = App;
			sourceTree = "<group>";
		};
		92F0C7533CE670D90C84FBC0 /* iOS */ = {
			isa = PBXGroup;
			children = (
				F3BF18CBA571502026DDAE3D /* BookDetailView.swift */,
				380D206061FB6D6BCF3C436A /* IOSBookSettingsSection.swift */,
				95B45D80B9FA0AFF0BF287BA /* IOSChapterEditPlaceholder.swift */,
				94E1708136EE3979EE39D471 /* IOSChapterImportSheet.swift */,
				A2E6B728090126751565077B /* IOSChaptersSection.swift */,
				77AB32DDA9D1C593BD39BBD6 /* IOSCharactersSection.swift */,
				062EB6DE800850FD60014CAF /* IOSSummariesSection.swift */,
				CEB2CAFEFB49E3216E425974 /* IOSTimelineSection.swift */,
			);
			path = iOS;
			sourceTree = "<group>";
		};
		980AF59A03BC39F7376ED30D /* Products */ = {
			isa = PBXGroup;
			children = (
				CB77045EFA2CE4B93B95E183 /* LinoWriting.app */,
				ECF7A354DEE424AF4E01EDBD /* LinoWritingTests.xctest */,
				34E37F3AAA1DF6ED0C531659 /* LinoWritingTestsIOS.xctest */,
			);
			name = Products;
			sourceTree = "<group>";
		};
		A027E0EE20931650431E212B /* Resources */ = {
			isa = PBXGroup;
			children = (
				5A1940EB3F6408EF2A087323 /* Assets.xcassets */,
				89EBA0FD3845842B23FAEC5E /* Info.plist */,
				FB518EAF78BE5EE3B258ED8A /* LinoWriting.entitlements */,
			);
			path = Resources;
			sourceTree = "<group>";
		};
		A0452F192E4817D1D8954452 /* Services */ = {
			isa = PBXGroup;
			children = (
				2D79F224D6511D626D52377E /* APIClient.swift */,
				E00A558E28508FC0B70B1AE8 /* ChapterSplitter.swift */,
				8A9347DAAC8E2D449DAD558F /* CodecFactory.swift */,
				36E43F39997D7B409EDA47C2 /* ErrorMapping.swift */,
				75310F1791024A41F4654534 /* FileSaver.swift */,
				73C97B43B64880265CE9E5E9 /* KeychainStore.swift */,
				6DE2361D2021D4EFE7AA1395 /* NetworkProbe.swift */,
				00014DE449CF5813785CAAAE /* Settings.swift */,
				4E1C91690D492CF7A7B18086 /* SSEClient.swift */,
			);
			path = Services;
			sourceTree = "<group>";
		};
		A5AFA0BF4B7E5CF239000F98 /* Bookshelf */ = {
			isa = PBXGroup;
			children = (
				113C484D6E876B5E57271CF1 /* iOS */,
				189FE3A9A77579F26D108542 /* BookCardGlassView.swift */,
				6338ABDCF4AF1EA5794D07CC /* MacBookshelfView.swift */,
				4932F58C979044FABF7ACD4C /* MacNewBookSheet.swift */,
			);
			path = Bookshelf;
			sourceTree = "<group>";
		};
		A68647E1371D19F996E50237 /* Mac */ = {
			isa = PBXGroup;
			children = (
				25E560A99E0E170D6CF3F71C /* MacConnectionSettingsSection.swift */,
				5AD2E22A44C94887EB2164B8 /* MacLogsSettingsSection.swift */,
				87927A4FB806DF2AFB08E322 /* MacModelsSettingsSection.swift */,
				1B2C58B6A168FFEF4DB1030E /* MacPersonaSettingsSection.swift */,
				6749D9DB35843D3513086B9E /* MacSettingsRoleVocab.swift */,
				FEFDE4A8B4CCBDBD059D8FB1 /* MacSettingsView.swift */,
			);
			path = Mac;
			sourceTree = "<group>";
		};
		AC4C943D8471A9ABE4347836 /* Root */ = {
			isa = PBXGroup;
			children = (
				0683258A4AA3339EFEC7300A /* iOS */,
				A68647E1371D19F996E50237 /* Mac */,
				DEBA460438020A3DFB86D459 /* MacShellView.swift */,
				6DC058E61EDCD9E23C1CB27E /* ProviderKeyEditSheet.swift */,
				1E6F32D725AE4A2282B1B71A /* RootView.swift */,
			);
			path = Root;
			sourceTree = "<group>";
		};
		B456E45826837E03D31FE1CC /* Reader */ = {
			isa = PBXGroup;
			children = (
				4A246F2A87BED904CEA26AB6 /* iOS */,
				3E2338B805809EB0BD49BFAF /* ReaderView.swift */,
			);
			path = Reader;
			sourceTree = "<group>";
		};
		C75DD2D6F0870E316D60E21F /* Models */ = {
			isa = PBXGroup;
			children = (
				3243E7CB5EF7D7813784A263 /* AgentLog.swift */,
				906BCD7A81F9DAF80BF8AE1D /* AgentPersona.swift */,
				D20DAD11510ED55BBAC0FF1C /* AppError.swift */,
				6E1A95792F4074A542705A2A /* Book.swift */,
				4333203ACD859F2AE7750E68 /* Chapter.swift */,
				4E0F9833502AA3687B8D3532 /* Character.swift */,
				E465C3D7893A74D5806DB97A /* ExportFormat.swift */,
				CBE2B69F0497588D8DBF6EAF /* JSONValue.swift */,
				458E63E1FC585D07766A41D7 /* ListResponse.swift */,
				9270C694BC872945963D987E /* ProviderKey.swift */,
				CF6DBCC8C09225A7BDD25FF3 /* StructuredPrompt.swift */,
				ECA5BDCD10CD4A13B5DC25B7 /* TimelineEvent.swift */,
			);
			path = Models;
			sourceTree = "<group>";
		};
		DC45531CD5274AFDB1CF5886 /* Mac */ = {
			isa = PBXGroup;
			children = (
				16C3B293A1ED44F91A6B0503 /* MacBookSettingsTab.swift */,
				EE179DAFA463AAC772C61E1C /* MacChapterEditor.swift */,
				857022D14C47FD298E4451F6 /* MacChapterSidebar.swift */,
				2DEDB9AD693FADFE24DCA09D /* MacCharacterTab.swift */,
				FF77F61CA807A9728E0365E7 /* MacExportSheet.swift */,
				582647D43A476D87CBF39A56 /* MacRightPanel.swift */,
				81587C34FDB35004D1B1AEF2 /* MacSummariesTab.swift */,
				1AE6B76C1211EE081E3613BC /* MacTimelineTab.swift */,
				995AEBCA6335923964556665 /* MacWorkspaceView.swift */,
			);
			path = Mac;
			sourceTree = "<group>";
		};
		E5962AEDBA8EE458E3AB5C7F /* Platform */ = {
			isa = PBXGroup;
			children = (
				48BBF0A3A8E68611B0D13487 /* KeyboardShortcuts.swift */,
				B1DE2A4E13CECED664214DD6 /* PlatformAliases.swift */,
			);
			path = Platform;
			sourceTree = "<group>";
		};
		EAA432562544DE190D157B81 /* Theme */ = {
			isa = PBXGroup;
			children = (
				FC246DE94284E24D1E9BE20A /* LiquidGlass.swift */,
				43C890CF38D4096579E181EF /* LWColor.swift */,
				B6D025FDE2776B5B9B5012D5 /* LWFont.swift */,
				AAE4AE9176A031910CED0DC6 /* LWMetrics.swift */,
				3E6890ECD2C92049C83A1936 /* ReadingTheme.swift */,
			);
			path = Theme;
			sourceTree = "<group>";
		};
		F15F1EC6355DBE1CE815D0F6 /* Stores */ = {
			isa = PBXGroup;
			children = (
				EA8047237F4DACD3C829E349 /* AgentLogStore.swift */,
				995F5BDA6A5D1274715E1DC4 /* AppStore.swift */,
				A7399AB340E04D17D1317F54 /* BookshelfStore.swift */,
				864DFD10296B35AA09DEBCA0 /* BookStore.swift */,
				79FE421971D21F740D9135D5 /* ChapterEditorStore.swift */,
				EFFFA46EC62CC96A055989EF /* ChaptersStore.swift */,
				D378AC8F7CBF8C2E98F29D97 /* CharactersStore.swift */,
				A6B7C55DE09B49123FDF68F2 /* ErrorBus.swift */,
				74177C1182E967C876C1E4B6 /* PersonaStore.swift */,
				BC128B5999E185FFB2979A12 /* ProviderKeysStore.swift */,
				45916ED6DA845B318F084239 /* TimelineStore.swift */,
			);
			path = Stores;
			sourceTree = "<group>";
		};
/* End PBXGroup section */

/* Begin PBXNativeTarget section */
		5DF1A49AE2BBBFB0C7AC8492 /* LinoWritingTests */ = {
			isa = PBXNativeTarget;
			buildConfigurationList = DF9EC6DC4FC3D0627501C61B /* Build configuration list for PBXNativeTarget "LinoWritingTests" */;
			buildPhases = (
				E496FF254492B9B60AD8BA39 /* Sources */,
			);
			buildRules = (
			);
			dependencies = (
				E6C0D37ECA8ABF92685DAB86 /* PBXTargetDependency */,
			);
			name = LinoWritingTests;
			packageProductDependencies = (
			);
			productName = LinoWritingTests;
			productReference = ECF7A354DEE424AF4E01EDBD /* LinoWritingTests.xctest */;
			productType = "com.apple.product-type.bundle.unit-test";
		};
		606975C3680006E8821C678F /* LinoWriting */ = {
			isa = PBXNativeTarget;
			buildConfigurationList = 77BCB5C6EE8CAF4F4BDE5825 /* Build configuration list for PBXNativeTarget "LinoWriting" */;
			buildPhases = (
				3E55191CE679B0D26AA09588 /* Sources */,
				7D03BB9FDB1832F9741904BB /* Resources */,
			);
			buildRules = (
			);
			dependencies = (
			);
			name = LinoWriting;
			packageProductDependencies = (
			);
			productName = LinoWriting;
			productReference = CB77045EFA2CE4B93B95E183 /* LinoWriting.app */;
			productType = "com.apple.product-type.application";
		};
		E63D6C2A65E89BC3A326FE47 /* LinoWritingTestsIOS */ = {
			isa = PBXNativeTarget;
			buildConfigurationList = A30EFF13BD105820DCD59B2C /* Build configuration list for PBXNativeTarget "LinoWritingTestsIOS" */;
			buildPhases = (
				22B316CCE8A9F1975CD70B0E /* Sources */,
			);
			buildRules = (
			);
			dependencies = (
				162EBA33783DC4C99ED3C9C9 /* PBXTargetDependency */,
			);
			name = LinoWritingTestsIOS;
			packageProductDependencies = (
			);
			productName = LinoWritingTestsIOS;
			productReference = 34E37F3AAA1DF6ED0C531659 /* LinoWritingTestsIOS.xctest */;
			productType = "com.apple.product-type.bundle.unit-test";
		};
/* End PBXNativeTarget section */

/* Begin PBXProject section */
		AACA861A3AD24D448EC13ACB /* Project object */ = {
			isa = PBXProject;
			attributes = {
				BuildIndependentTargetsInParallel = YES;
				LastUpgradeCheck = 1430;
				TargetAttributes = {
					5DF1A49AE2BBBFB0C7AC8492 = {
						DevelopmentTeam = HX73DFL88G;
						ProvisioningStyle = Automatic;
					};
					606975C3680006E8821C678F = {
						DevelopmentTeam = HX73DFL88G;
						ProvisioningStyle = Automatic;
					};
					E63D6C2A65E89BC3A326FE47 = {
						DevelopmentTeam = HX73DFL88G;
						ProvisioningStyle = Automatic;
					};
				};
			};
			buildConfigurationList = 566B95232F3EBF69E4A5923A /* Build configuration list for PBXProject "LinoWriting" */;
			developmentRegion = en;
			hasScannedForEncodings = 0;
			knownRegions = (
				Base,
				en,
			);
			mainGroup = 2303194B95AD76D1CC97CECE;
			minimizedProjectReferenceProxies = 1;
			preferredProjectObjectVersion = 77;
			productRefGroup = 980AF59A03BC39F7376ED30D /* Products */;
			projectDirPath = "";
			projectRoot = "";
			targets = (
				606975C3680006E8821C678F /* LinoWriting */,
				5DF1A49AE2BBBFB0C7AC8492 /* LinoWritingTests */,
				E63D6C2A65E89BC3A326FE47 /* LinoWritingTestsIOS */,
			);
		};
/* End PBXProject section */

/* Begin PBXResourcesBuildPhase section */
		7D03BB9FDB1832F9741904BB /* Resources */ = {
			isa = PBXResourcesBuildPhase;
			buildActionMask = 2147483647;
			files = (
				BFDA7AD325D6D677006989FE /* Assets.xcassets in Resources */,
			);
			runOnlyForDeploymentPostprocessing = 0;
		};
/* End PBXResourcesBuildPhase section */

/* Begin PBXSourcesBuildPhase section */
		22B316CCE8A9F1975CD70B0E /* Sources */ = {
			isa = PBXSourcesBuildPhase;
			buildActionMask = 2147483647;
			files = (
				DE3CEAE53EDF1A6F4C9A1BB7 /* BookshelfStoreIOSTests.swift in Sources */,
				DE180A1E35FBD00919A5837F /* ChapterEditorStoreIOSTests.swift in Sources */,
				E00370A3DCE6A2EA2792EF6B /* ChapterSplitterIOSTests.swift in Sources */,
				3D9A3C3E60CB93E3C3DD0733 /* ErrorBusIOSTests.swift in Sources */,
				CA0E7E3FA1B415ED41C217A3 /* FileSaverIOSTests.swift in Sources */,
				693062A2EE3B3416780DE90B /* KeychainStoreIOSTests.swift in Sources */,
				DBB5AFD6C5AF43DB65AD7C59 /* MockAPIClient.swift in Sources */,
				4EB5A7E898771F709E6A5308 /* NavigationShellIOSTests.swift in Sources */,
				8DB6401503ABD9B2B0F80674 /* SheetPresentationIOSTests.swift in Sources */,
			);
			runOnlyForDeploymentPostprocessing = 0;
		};
		3E55191CE679B0D26AA09588 /* Sources */ = {
			isa = PBXSourcesBuildPhase;
			buildActionMask = 2147483647;
			files = (
				0ADBCA32557F5EB5C6A91A4A /* APIClient.swift in Sources */,
				928FE3D9F2A8FB8517B14144 /* AgentLog.swift in Sources */,
				869E770F12D50D9479E97D09 /* AgentLogStore.swift in Sources */,
				5BCA34DB0383A2221D900BD5 /* AgentPersona.swift in Sources */,
				862FD6E5EBE708E39B992C86 /* AppEnvironment.swift in Sources */,
				A33D93C8772070B35F7233F6 /* AppError.swift in Sources */,
				5A80C721F1724D63BC8B3B48 /* AppStore.swift in Sources */,
				F3D276DC5FAE548BFAAEE9A8 /* Book.swift in Sources */,
				F10B30A19DB19AE0CFB28222 /* BookCardGlassView.swift in Sources */,
				8FCE44FDE0AB25A5D1BB4AE1 /* BookDetailView.swift in Sources */,
				310BEA463DFF042BC683800C /* BookStore.swift in Sources */,
				E8C984A316754BDCE5752B8E /* BookshelfStore.swift in Sources */,
				DDD9A3C468057B4EA639C444 /* CardHeadFieldCommit.swift in Sources */,
				753CE7732770D9FDD3BBD2FA /* Chapter.swift in Sources */,
				FD9BCF48D0942C14F68533AB /* ChapterEditorStore.swift in Sources */,
				B401660F6E3C4D494CB78587 /* ChapterSplitter.swift in Sources */,
				F987288D60AEDF8F5072BE2B /* ChaptersStore.swift in Sources */,
				02A0D91E3A69F35857612B93 /* Character.swift in Sources */,
				0185146B5183AA34FC92CC37 /* CharactersStore.swift in Sources */,
				3A6074DF63E085139A91BAA8 /* CodecFactory.swift in Sources */,
				DDA51FE21DA32553EDA19FFC /* DotIndicator.swift in Sources */,
				1D1E831DA64FA2D351A4E42B /* EditableTagList.swift in Sources */,
				D8AF1AC7D6E0CFE4B109B257 /* EditorWidgets.swift in Sources */,
				F235C2F080FC1BFB8C1F5694 /* ErrorBus.swift in Sources */,
				DA06F1D070994F13591AB5BB /* ErrorMapping.swift in Sources */,
				0D43ECC2848733887E24DDF0 /* ExportFormat.swift in Sources */,
				7A6AF7E589109D3ED8044850 /* FileSaver.swift in Sources */,
				6A072F58BE310812CC8BC8C4 /* GlassControls.swift in Sources */,
				E7675D9B4DE4EBEBAE70C3D2 /* IOSBookCardView.swift in Sources */,
				7A7A56E1E9249B9D85C040EF /* IOSBookSettingsSection.swift in Sources */,
				553F76959926BB222578CA7C /* IOSBookshelfView.swift in Sources */,
				1C170342079EB59ABD0D2092 /* IOSChapterEditPlaceholder.swift in Sources */,
				5FCAB486CD61290B64695C78 /* IOSChapterImportSheet.swift in Sources */,
				E4A9ED88421B0ABB91EE2531 /* IOSChaptersSection.swift in Sources */,
				BDB0F4247ABACBCD951E6940 /* IOSCharactersSection.swift in Sources */,
				B58BE0D283D56BA2085FFB1D /* IOSConnectionSettingsSection.swift in Sources */,
				81425B1593EB6C5255878CC3 /* IOSModelsSettingsSection.swift in Sources */,
				0587824124C19C7E0503966C /* IOSNewBookSheet.swift in Sources */,
				FBDDBD2DCDF2ECAF19900D13 /* IOSPersonaSettingsSection.swift in Sources */,
				000F41A36E8D2D6462526FFD /* IOSSettingsRoleVocab.swift in Sources */,
				9FFD8A56D6161CAF26325E37 /* IOSSettingsView.swift in Sources */,
				1548DC9A74F9C726C6FCACAD /* IOSSummariesSection.swift in Sources */,
				2175D4106697CF7892234E99 /* IOSTimelineSection.swift in Sources */,
				8345701D980C5A77DB446C7E /* ImportChapterSheet.swift in Sources */,
				42F8E9AF29895D7FD6FCFF5D /* InlineEditableDict.swift in Sources */,
				08518DD3F25AE22EEBB8D67F /* InlineEditableTags.swift in Sources */,
				6BE988D9030B67E4CBE9B65A /* InlineEditableText.swift in Sources */,
				DF0C0FF8B3021737FD0127D5 /* JSONValue.swift in Sources */,
				C1A3B42556854B9822E1403C /* KeyboardShortcuts.swift in Sources */,
				22214F0A6DCB7F2F6C3ED22C /* KeychainStore.swift in Sources */,
				52601CD92390270E4B79C06A /* LWColor.swift in Sources */,
				2F6DACF7B4678DCF5DC2FA23 /* LWFont.swift in Sources */,
				CA9A4201B51D2694543B9EC6 /* LWMetrics.swift in Sources */,
				0499470B4E80166C37B0BAD0 /* LinoWritingApp.swift in Sources */,
				7B81BAE79265C81FCABF287E /* LiquidGlass.swift in Sources */,
				A44553D0AD3EF8644FC166C0 /* ListResponse.swift in Sources */,
				273B8963B915A6AAC7802EBC /* MacBookSettingsTab.swift in Sources */,
				C1ECB8CDB7DFE597B370ECCC /* MacBookshelfView.swift in Sources */,
				C436D49FAA007F1EB020F46D /* MacChapterEditor.swift in Sources */,
				DA3216AB52622446AF4324D8 /* MacChapterSidebar.swift in Sources */,
				E34EE4B0A49EA73BC97EBB8A /* MacCharacterTab.swift in Sources */,
				4D21A12144BA504CB89DC332 /* MacConnectionSettingsSection.swift in Sources */,
				068F4C674D0B986567BE48BF /* MacExportSheet.swift in Sources */,
				0A392C3880068742F8629C9E /* MacLogsSettingsSection.swift in Sources */,
				6DA58DE449E4B623D1CF3045 /* MacModelsSettingsSection.swift in Sources */,
				0E6878CF99DE5387D5060708 /* MacNewBookSheet.swift in Sources */,
				F903FB4F81E08CB914BA7E5B /* MacPersonaSettingsSection.swift in Sources */,
				6169AAA3E087BC05DCE62572 /* MacRightPanel.swift in Sources */,
				60F034FF3BCBA3C5BE2F62F8 /* MacSettingsRoleVocab.swift in Sources */,
				24CA73205E9305AD11E816F2 /* MacSettingsView.swift in Sources */,
				CFA734D14E12363E7395EBCC /* MacShellView.swift in Sources */,
				1697DF5EEC927AEC45ED763E /* MacSummariesTab.swift in Sources */,
				D6A1BE38B44E7DB6358D69A0 /* MacTimelineTab.swift in Sources */,
				FA6EC7BC7267140FBFAFD87D /* MacWorkspaceView.swift in Sources */,
				19321D4ECE64770012DC1055 /* NetworkProbe.swift in Sources */,
				745271FBF96361A080DAEE65 /* NewChapterSheet.swift in Sources */,
				E3FCE58E28471D8646EAA7AA /* PersonaStore.swift in Sources */,
				BDAA992E152CE3D59D407A9C /* PlatformAliases.swift in Sources */,
				7DEDEB5953BE14F018F577CC /* ProviderKey.swift in Sources */,
				4608C2541975C24D7B7554F3 /* ProviderKeyEditSheet.swift in Sources */,
				D46CA5B00F11D9673EA28BD8 /* ProviderKeysStore.swift in Sources */,
				C9EC9836DD863E585DC80E86 /* ReaderView.swift in Sources */,
				3629C94DC568E39700EDD6D5 /* ReaderView_iOS.swift in Sources */,
				3B4AB90988D9F707612F6A6F /* ReadingTheme.swift in Sources */,
				A7E32BDD0AE796BE8FF92257 /* RootView.swift in Sources */,
				658103CCF17F6B18027E826C /* RootViewIOS.swift in Sources */,
				6C7AE12D238C23EF8E9C9244 /* SSEClient.swift in Sources */,
				8D5D41F4AD314FAD20D0CECD /* Settings.swift in Sources */,
				A94EFBCAA5B0A9F91FE10E22 /* StatusBadge.swift in Sources */,
				1D6B44AB10A8006C890B9614 /* StructuredPrompt.swift in Sources */,
				AD23A813E413729FC8614CDB /* TimelineEvent.swift in Sources */,
				4B89292096EB5FBC1F0BC910 /* TimelineStore.swift in Sources */,
				52625E1EB9F616610E33FE33 /* Toast.swift in Sources */,
			);
			runOnlyForDeploymentPostprocessing = 0;
		};
		E496FF254492B9B60AD8BA39 /* Sources */ = {
			isa = PBXSourcesBuildPhase;
			buildActionMask = 2147483647;
			files = (
				8F6100610085B5EEA4CE7C98 /* APIClientTests.swift in Sources */,
				9364CC51BCC9830A740561F6 /* AgentLogStoreTests.swift in Sources */,
				78BDB4BC5AAF690D3890CD18 /* AppStoreBannerTests.swift in Sources */,
				33C1AE1A411FC8CB322F679A /* ChapterEditorStorePartialDraftTests.swift in Sources */,
				09F9C140F9F9E9C102DAE674 /* ChapterEditorStoreReattachTests.swift in Sources */,
				5EDFBBAA897E8C62323311ED /* ChapterEditorStoreResetTests.swift in Sources */,
				DF6B00D800ABCB18E7401A90 /* ChapterEditorStoreThinkingTests.swift in Sources */,
				5F079BF4EBBC7DCB807B1607 /* ChapterExtractTests.swift in Sources */,
				ED74EEBF63E2764B9F52F714 /* ChapterSplitterTests.swift in Sources */,
				94D7994F7BE9DAD72FE52359 /* ChaptersStoreImportTests.swift in Sources */,
				E2C56A1DA3694B1D762C0C1B /* CharacterAuthorNotesCodecTests.swift in Sources */,
				F77402661BB5E16C1E00EB09 /* CharacterFieldHighlightsTests.swift in Sources */,
				E00E05EE404B7695A94EE674 /* CharactersStoreEditingTests.swift in Sources */,
				A71D9DE94C4FFFF1D859704E /* ErrorBusHistoryTests.swift in Sources */,
				235047FFF66A56D1E8CC3A61 /* ExportTests.swift in Sources */,
				B24A9CEE22266DD7B0E57E5C /* MockAPIClient.swift in Sources */,
				EC86F3BC6639A94087859A57 /* PersonaTests.swift in Sources */,
				309AF07E5B1B1DDA63E0AB68 /* ProviderKeysStoreTests.swift in Sources */,
				722CC4BBD3EB02C07F74556F /* SSEClientTests.swift in Sources */,
				CB7D0CE01F81A8F5DE234AEE /* StoreTests.swift in Sources */,
				988D23DE5AD147A48672A9B8 /* TimelineEventEditTests.swift in Sources */,
			);
			runOnlyForDeploymentPostprocessing = 0;
		};
/* End PBXSourcesBuildPhase section */

/* Begin PBXTargetDependency section */
		162EBA33783DC4C99ED3C9C9 /* PBXTargetDependency */ = {
			isa = PBXTargetDependency;
			target = 606975C3680006E8821C678F /* LinoWriting */;
			targetProxy = 9E5CF05ADE4EB5EA061CD1C5 /* PBXContainerItemProxy */;
		};
		E6C0D37ECA8ABF92685DAB86 /* PBXTargetDependency */ = {
			isa = PBXTargetDependency;
			target = 606975C3680006E8821C678F /* LinoWriting */;
			targetProxy = 377C884C19540EFA6446B434 /* PBXContainerItemProxy */;
		};
/* End PBXTargetDependency section */

/* Begin XCBuildConfiguration section */
		179BDBE227B8D2B67694FA98 /* Release */ = {
			isa = XCBuildConfiguration;
			buildSettings = {
				ASSETCATALOG_COMPILER_APPICON_NAME = AppIcon;
				ASSETCATALOG_COMPILER_GLOBAL_ACCENT_COLOR_NAME = AccentColor;
				CODE_SIGN_IDENTITY = "iPhone Developer";
				ENABLE_PREVIEWS = YES;
				GENERATE_INFOPLIST_FILE = NO;
				INFOPLIST_FILE = LinoWriting/Resources/Info.plist;
				LD_RUNPATH_SEARCH_PATHS = "$(inherited) @executable_path/../Frameworks @executable_path/Frameworks";
				PRODUCT_BUNDLE_IDENTIFIER = com.lino.linowriting.LinoWriting;
				PRODUCT_MODULE_NAME = LinoWriting;
				PRODUCT_NAME = LinoI;
				SDKROOT = auto;
				SUPPORTED_PLATFORMS = "iphoneos iphonesimulator macosx";
				SUPPORTS_MACCATALYST = NO;
				SUPPORTS_MAC_DESIGNED_FOR_IPHONE_IPAD = NO;
				SUPPORTS_XR_DESIGNED_FOR_IPHONE_IPAD = YES;
				TARGETED_DEVICE_FAMILY = 1;
			};
			name = Release;
		};
		2B2EBF458C2CC662755F7BDC /* Debug */ = {
			isa = XCBuildConfiguration;
			buildSettings = {
				ALWAYS_SEARCH_USER_PATHS = NO;
				CLANG_ANALYZER_NONNULL = YES;
				CLANG_ANALYZER_NUMBER_OBJECT_CONVERSION = YES_AGGRESSIVE;
				CLANG_CXX_LANGUAGE_STANDARD = "gnu++14";
				CLANG_CXX_LIBRARY = "libc++";
				CLANG_ENABLE_MODULES = YES;
				CLANG_ENABLE_OBJC_ARC = YES;
				CLANG_ENABLE_OBJC_WEAK = YES;
				CLANG_WARN_BLOCK_CAPTURE_AUTORELEASING = YES;
				CLANG_WARN_BOOL_CONVERSION = YES;
				CLANG_WARN_COMMA = YES;
				CLANG_WARN_CONSTANT_CONVERSION = YES;
				CLANG_WARN_DEPRECATED_OBJC_IMPLEMENTATIONS = YES;
				CLANG_WARN_DIRECT_OBJC_ISA_USAGE = YES_ERROR;
				CLANG_WARN_DOCUMENTATION_COMMENTS = YES;
				CLANG_WARN_EMPTY_BODY = YES;
				CLANG_WARN_ENUM_CONVERSION = YES;
				CLANG_WARN_INFINITE_RECURSION = YES;
				CLANG_WARN_INT_CONVERSION = YES;
				CLANG_WARN_NON_LITERAL_NULL_CONVERSION = YES;
				CLANG_WARN_OBJC_IMPLICIT_RETAIN_SELF = YES;
				CLANG_WARN_OBJC_LITERAL_CONVERSION = YES;
				CLANG_WARN_OBJC_ROOT_CLASS = YES_ERROR;
				CLANG_WARN_QUOTED_INCLUDE_IN_FRAMEWORK_HEADER = YES;
				CLANG_WARN_RANGE_LOOP_ANALYSIS = YES;
				CLANG_WARN_STRICT_PROTOTYPES = YES;
				CLANG_WARN_SUSPICIOUS_MOVE = YES;
				CLANG_WARN_UNGUARDED_AVAILABILITY = YES_AGGRESSIVE;
				CLANG_WARN_UNREACHABLE_CODE = YES;
				CLANG_WARN__DUPLICATE_METHOD_MATCH = YES;
				CODE_SIGN_STYLE = Automatic;
				COPY_PHASE_STRIP = NO;
				CURRENT_PROJECT_VERSION = 1;
				DEBUG_INFORMATION_FORMAT = dwarf;
				DEVELOPMENT_TEAM = HX73DFL88G;
				ENABLE_HARDENED_RUNTIME = YES;
				ENABLE_STRICT_OBJC_MSGSEND = YES;
				ENABLE_TESTABILITY = YES;
				GCC_C_LANGUAGE_STANDARD = gnu11;
				GCC_DYNAMIC_NO_PIC = NO;
				GCC_NO_COMMON_BLOCKS = YES;
				GCC_OPTIMIZATION_LEVEL = 0;
				GCC_PREPROCESSOR_DEFINITIONS = (
					"$(inherited)",
					"DEBUG=1",
				);
				GCC_WARN_64_TO_32_BIT_CONVERSION = YES;
				GCC_WARN_ABOUT_RETURN_TYPE = YES_ERROR;
				GCC_WARN_UNDECLARED_SELECTOR = YES;
				GCC_WARN_UNINITIALIZED_AUTOS = YES_AGGRESSIVE;
				GCC_WARN_UNUSED_FUNCTION = YES;
				GCC_WARN_UNUSED_VARIABLE = YES;
				IPHONEOS_DEPLOYMENT_TARGET = 26.0;
				MACOSX_DEPLOYMENT_TARGET = 26.0;
				MARKETING_VERSION = 1.5.1;
				MTL_ENABLE_DEBUG_INFO = INCLUDE_SOURCE;
				MTL_FAST_MATH = YES;
				ONLY_ACTIVE_ARCH = YES;
				PRODUCT_NAME = "$(TARGET_NAME)";
				SWIFT_ACTIVE_COMPILATION_CONDITIONS = DEBUG;
				SWIFT_OPTIMIZATION_LEVEL = "-Onone";
				SWIFT_STRICT_CONCURRENCY = minimal;
				SWIFT_VERSION = 5.10;
			};
			name = Debug;
		};
		C40EC07694591C580BB437D7 /* Release */ = {
			isa = XCBuildConfiguration;
			buildSettings = {
				ALWAYS_SEARCH_USER_PATHS = NO;
				CLANG_ANALYZER_NONNULL = YES;
				CLANG_ANALYZER_NUMBER_OBJECT_CONVERSION = YES_AGGRESSIVE;
				CLANG_CXX_LANGUAGE_STANDARD = "gnu++14";
				CLANG_CXX_LIBRARY = "libc++";
				CLANG_ENABLE_MODULES = YES;
				CLANG_ENABLE_OBJC_ARC = YES;
				CLANG_ENABLE_OBJC_WEAK = YES;
				CLANG_WARN_BLOCK_CAPTURE_AUTORELEASING = YES;
				CLANG_WARN_BOOL_CONVERSION = YES;
				CLANG_WARN_COMMA = YES;
				CLANG_WARN_CONSTANT_CONVERSION = YES;
				CLANG_WARN_DEPRECATED_OBJC_IMPLEMENTATIONS = YES;
				CLANG_WARN_DIRECT_OBJC_ISA_USAGE = YES_ERROR;
				CLANG_WARN_DOCUMENTATION_COMMENTS = YES;
				CLANG_WARN_EMPTY_BODY = YES;
				CLANG_WARN_ENUM_CONVERSION = YES;
				CLANG_WARN_INFINITE_RECURSION = YES;
				CLANG_WARN_INT_CONVERSION = YES;
				CLANG_WARN_NON_LITERAL_NULL_CONVERSION = YES;
				CLANG_WARN_OBJC_IMPLICIT_RETAIN_SELF = YES;
				CLANG_WARN_OBJC_LITERAL_CONVERSION = YES;
				CLANG_WARN_OBJC_ROOT_CLASS = YES_ERROR;
				CLANG_WARN_QUOTED_INCLUDE_IN_FRAMEWORK_HEADER = YES;
				CLANG_WARN_RANGE_LOOP_ANALYSIS = YES;
				CLANG_WARN_STRICT_PROTOTYPES = YES;
				CLANG_WARN_SUSPICIOUS_MOVE = YES;
				CLANG_WARN_UNGUARDED_AVAILABILITY = YES_AGGRESSIVE;
				CLANG_WARN_UNREACHABLE_CODE = YES;
				CLANG_WARN__DUPLICATE_METHOD_MATCH = YES;
				CODE_SIGN_STYLE = Automatic;
				COPY_PHASE_STRIP = NO;
				CURRENT_PROJECT_VERSION = 1;
				DEBUG_INFORMATION_FORMAT = "dwarf-with-dsym";
				DEVELOPMENT_TEAM = HX73DFL88G;
				ENABLE_HARDENED_RUNTIME = YES;
				ENABLE_NS_ASSERTIONS = NO;
				ENABLE_STRICT_OBJC_MSGSEND = YES;
				GCC_C_LANGUAGE_STANDARD = gnu11;
				GCC_NO_COMMON_BLOCKS = YES;
				GCC_WARN_64_TO_32_BIT_CONVERSION = YES;
				GCC_WARN_ABOUT_RETURN_TYPE = YES_ERROR;
				GCC_WARN_UNDECLARED_SELECTOR = YES;
				GCC_WARN_UNINITIALIZED_AUTOS = YES_AGGRESSIVE;
				GCC_WARN_UNUSED_FUNCTION = YES;
				GCC_WARN_UNUSED_VARIABLE = YES;
				IPHONEOS_DEPLOYMENT_TARGET = 26.0;
				MACOSX_DEPLOYMENT_TARGET = 26.0;
				MARKETING_VERSION = 1.5.1;
				MTL_ENABLE_DEBUG_INFO = NO;
				MTL_FAST_MATH = YES;
				PRODUCT_NAME = "$(TARGET_NAME)";
				SWIFT_COMPILATION_MODE = wholemodule;
				SWIFT_OPTIMIZATION_LEVEL = "-O";
				SWIFT_STRICT_CONCURRENCY = minimal;
				SWIFT_VERSION = 5.10;
			};
			name = Release;
		};
		CCB331FD30B6546F1B9B9E38 /* Release */ = {
			isa = XCBuildConfiguration;
			buildSettings = {
				BUNDLE_LOADER = "$(TEST_HOST)";
				COMBINE_HIDPI_IMAGES = YES;
				GENERATE_INFOPLIST_FILE = YES;
				LD_RUNPATH_SEARCH_PATHS = (
					"$(inherited)",
					"@executable_path/../Frameworks",
					"@loader_path/../Frameworks",
				);
				PRODUCT_BUNDLE_IDENTIFIER = com.lino.linowriting.LinoWritingTests;
				SDKROOT = macosx;
				TEST_HOST = "$(BUILT_PRODUCTS_DIR)/LinoI.app/Contents/MacOS/LinoI";
			};
			name = Release;
		};
		E0E6F2B44892CB0F79536FB5 /* Debug */ = {
			isa = XCBuildConfiguration;
			buildSettings = {
				BUNDLE_LOADER = "$(TEST_HOST)";
				COMBINE_HIDPI_IMAGES = YES;
				GENERATE_INFOPLIST_FILE = YES;
				LD_RUNPATH_SEARCH_PATHS = (
					"$(inherited)",
					"@executable_path/../Frameworks",
					"@loader_path/../Frameworks",
				);
				PRODUCT_BUNDLE_IDENTIFIER = com.lino.linowriting.LinoWritingTests;
				SDKROOT = macosx;
				TEST_HOST = "$(BUILT_PRODUCTS_DIR)/LinoI.app/Contents/MacOS/LinoI";
			};
			name = Debug;
		};
		ED749D5C4E5A3D223AA5BE79 /* Debug */ = {
			isa = XCBuildConfiguration;
			buildSettings = {
				BUNDLE_LOADER = "$(TEST_HOST)";
				GENERATE_INFOPLIST_FILE = YES;
				LD_RUNPATH_SEARCH_PATHS = (
					"$(inherited)",
					"@executable_path/Frameworks",
					"@loader_path/Frameworks",
				);
				PRODUCT_BUNDLE_IDENTIFIER = com.lino.linowriting.LinoWritingTestsIOS;
				SDKROOT = iphoneos;
				SUPPORTED_PLATFORMS = "iphoneos iphonesimulator";
				SUPPORTS_MACCATALYST = NO;
				TARGETED_DEVICE_FAMILY = 1;
				TEST_HOST = "$(BUILT_PRODUCTS_DIR)/LinoI.app/LinoI";
			};
			name = Debug;
		};
		EEE93E4F7F146BAC15C67A96 /* Release */ = {
			isa = XCBuildConfiguration;
			buildSettings = {
				BUNDLE_LOADER = "$(TEST_HOST)";
				GENERATE_INFOPLIST_FILE = YES;
				LD_RUNPATH_SEARCH_PATHS = (
					"$(inherited)",
					"@executable_path/Frameworks",
					"@loader_path/Frameworks",
				);
				PRODUCT_BUNDLE_IDENTIFIER = com.lino.linowriting.LinoWritingTestsIOS;
				SDKROOT = iphoneos;
				SUPPORTED_PLATFORMS = "iphoneos iphonesimulator";
				SUPPORTS_MACCATALYST = NO;
				TARGETED_DEVICE_FAMILY = 1;
				TEST_HOST = "$(BUILT_PRODUCTS_DIR)/LinoI.app/LinoI";
			};
			name = Release;
		};
		FBFBE49BBC42F4EB2F3B1BC2 /* Debug */ = {
			isa = XCBuildConfiguration;
			buildSettings = {
				ASSETCATALOG_COMPILER_APPICON_NAME = AppIcon;
				ASSETCATALOG_COMPILER_GLOBAL_ACCENT_COLOR_NAME = AccentColor;
				CODE_SIGN_IDENTITY = "iPhone Developer";
				ENABLE_PREVIEWS = YES;
				GENERATE_INFOPLIST_FILE = NO;
				INFOPLIST_FILE = LinoWriting/Resources/Info.plist;
				LD_RUNPATH_SEARCH_PATHS = "$(inherited) @executable_path/../Frameworks @executable_path/Frameworks";
				PRODUCT_BUNDLE_IDENTIFIER = com.lino.linowriting.LinoWriting;
				PRODUCT_MODULE_NAME = LinoWriting;
				PRODUCT_NAME = LinoI;
				SDKROOT = auto;
				SUPPORTED_PLATFORMS = "iphoneos iphonesimulator macosx";
				SUPPORTS_MACCATALYST = NO;
				SUPPORTS_MAC_DESIGNED_FOR_IPHONE_IPAD = NO;
				SUPPORTS_XR_DESIGNED_FOR_IPHONE_IPAD = YES;
				TARGETED_DEVICE_FAMILY = 1;
			};
			name = Debug;
		};
/* End XCBuildConfiguration section */

/* Begin XCConfigurationList section */
		566B95232F3EBF69E4A5923A /* Build configuration list for PBXProject "LinoWriting" */ = {
			isa = XCConfigurationList;
			buildConfigurations = (
				2B2EBF458C2CC662755F7BDC /* Debug */,
				C40EC07694591C580BB437D7 /* Release */,
			);
			defaultConfigurationIsVisible = 0;
			defaultConfigurationName = Debug;
		};
		77BCB5C6EE8CAF4F4BDE5825 /* Build configuration list for PBXNativeTarget "LinoWriting" */ = {
			isa = XCConfigurationList;
			buildConfigurations = (
				FBFBE49BBC42F4EB2F3B1BC2 /* Debug */,
				179BDBE227B8D2B67694FA98 /* Release */,
			);
			defaultConfigurationIsVisible = 0;
			defaultConfigurationName = Debug;
		};
		A30EFF13BD105820DCD59B2C /* Build configuration list for PBXNativeTarget "LinoWritingTestsIOS" */ = {
			isa = XCConfigurationList;
			buildConfigurations = (
				ED749D5C4E5A3D223AA5BE79 /* Debug */,
				EEE93E4F7F146BAC15C67A96 /* Release */,
			);
			defaultConfigurationIsVisible = 0;
			defaultConfigurationName = Debug;
		};
		DF9EC6DC4FC3D0627501C61B /* Build configuration list for PBXNativeTarget "LinoWritingTests" */ = {
			isa = XCConfigurationList;
			buildConfigurations = (
				E0E6F2B44892CB0F79536FB5 /* Debug */,
				CCB331FD30B6546F1B9B9E38 /* Release */,
			);
			defaultConfigurationIsVisible = 0;
			defaultConfigurationName = Debug;
		};
/* End XCConfigurationList section */
	};
	rootObject = AACA861A3AD24D448EC13ACB /* Project object */;
}
